// !$*UTF8*$!
{
	archiveVersion = 1;
	classes = {
	};
	objectVersion = 46;
	objects = {

/* Begin PBXBuildFile section */
		2FCA171B1B4ED24200056CA2 /* AppDelegate.swift in Sources */ = {isa = PBXBuildFile; fileRef = 2FCA171A1B4ED24200056CA2 /* AppDelegate.swift */; };
		2FCA171D1B4ED24200056CA2 /* GameScene.sks in Resources */ = {isa = PBXBuildFile; fileRef = 2FCA171C1B4ED24200056CA2 /* GameScene.sks */; };
		2FCA171F1B4ED24200056CA2 /* GameScene.swift in Sources */ = {isa = PBXBuildFile; fileRef = 2FCA171E1B4ED24200056CA2 /* GameScene.swift */; };
		2FCA17211B4ED24200056CA2 /* GameViewController.swift in Sources */ = {isa = PBXBuildFile; fileRef = 2FCA17201B4ED24200056CA2 /* GameViewController.swift */; };
		2FCA17241B4ED24200056CA2 /* Main.storyboard in Resources */ = {isa = PBXBuildFile; fileRef = 2FCA17221B4ED24200056CA2 /* Main.storyboard */; };
		2FCA17261B4ED24200056CA2 /* Images.xcassets in Resources */ = {isa = PBXBuildFile; fileRef = 2FCA17251B4ED24200056CA2 /* Images.xcassets */; };
		2FCA17291B4ED24200056CA2 /* LaunchScreen.xib in Resources */ = {isa = PBXBuildFile; fileRef = 2FCA17271B4ED24200056CA2 /* LaunchScreen.xib */; };
		2FCA17351B4ED24200056CA2 /* Vocabulary_ToyBoxTests.swift in Sources */ = {isa = PBXBuildFile; fileRef = 2FCA17341B4ED24200056CA2 /* Vocabulary_ToyBoxTests.swift */; };
/* End PBXBuildFile section */

/* Begin PBXContainerItemProxy section */
		2FCA172F1B4ED24200056CA2 /* PBXContainerItemProxy */ = {
			isa = PBXContainerItemProxy;
			containerPortal = 2FCA170D1B4ED24200056CA2 /* Project object */;
			proxyType = 1;
			remoteGlobalIDString = 2FCA17141B4ED24200056CA2;
			remoteInfo = "Vocabulary-ToyBox";
		};
/* End PBXContainerItemProxy section */

/* Begin PBXFileReference section */
		2FCA17151B4ED24200056CA2 /* Vocabulary-ToyBox.app */ = {isa = PBXFileReference; explicitFileType = wrapper.application; includeInIndex = 0; path = "Vocabulary-ToyBox.app"; sourceTree = BUILT_PRODUCTS_DIR; };
		2FCA17191B4ED24200056CA2 /* Info.plist */ = {isa = PBXFileReference; lastKnownFileType = text.plist.xml; path = Info.plist; sourceTree = "<group>"; };
		2FCA171A1B4ED24200056CA2 /* AppDelegate.swift */ = {isa = PBXFileReference; lastKnownFileType = sourcecode.swift; path = AppDelegate.swift; sourceTree = "<group>"; };
		2FCA171C1B4ED24200056CA2 /* GameScene.sks */ = {isa = PBXFileReference; lastKnownFileType = file.sks; path = GameScene.sks; sourceTree = "<group>"; };
		2FCA171E1B4ED24200056CA2 /* GameScene.swift */ = {isa = PBXFileReference; lastKnownFileType = sourcecode.swift; path = GameScene.swift; sourceTree = "<group>"; };
		2FCA17201B4ED24200056CA2 /* GameViewController.swift */ = {isa = PBXFileReference; lastKnownFileType = sourcecode.swift; path = GameViewController.swift; sourceTree = "<group>"; };
		2FCA17231B4ED24200056CA2 /* Base */ = {isa = PBXFileReference; lastKnownFileType = file.storyboard; name = Base; path = Base.lproj/Main.storyboard; sourceTree = "<group>"; };
		2FCA17251B4ED24200056CA2 /* Images.xcassets */ = {isa = PBXFileReference; lastKnownFileType = folder.assetcatalog; path = Images.xcassets; sourceTree = "<group>"; };
		2FCA17281B4ED24200056CA2 /* Base */ = {isa = PBXFileReference; lastKnownFileType = file.xib; name = Base; path = Base.lproj/LaunchScreen.xib; sourceTree = "<group>"; };
		2FCA172E1B4ED24200056CA2 /* Vocabulary-ToyBoxTests.xctest */ = {isa = PBXFileReference; explicitFileType = wrapper.cfbundle; includeInIndex = 0; path = "Vocabulary-ToyBoxTests.xctest"; sourceTree = BUILT_PRODUCTS_DIR; };
		2FCA17331B4ED24200056CA2 /* Info.plist */ = {isa = PBXFileReference; lastKnownFileType = text.plist.xml; path = Info.plist; sourceTree = "<group>"; };
		2FCA17341B4ED24200056CA2 /* Vocabulary_ToyBoxTests.swift */ = {isa = PBXFileReference; lastKnownFileType = sourcecode.swift; path = Vocabulary_ToyBoxTests.swift; sourceTree = "<group>"; };
/* End PBXFileReference section */

/* Begin PBXFrameworksBuildPhase section */
		2FCA17121B4ED24200056CA2 /* Frameworks */ = {
			isa = PBXFrameworksBuildPhase;
			buildActionMask = 2147483647;
			files = (
			);
			runOnlyForDeploymentPostprocessing = 0;
		};
		2FCA172B1B4ED24200056CA2 /* Frameworks */ = {
			isa = PBXFrameworksBuildPhase;
			buildActionMask = 2147483647;
			files = (
			);
			runOnlyForDeploymentPostprocessing = 0;
		};
/* End PBXFrameworksBuildPhase section */

/* Begin PBXGroup section */
		2FCA170C1B4ED24200056CA2 = {
			isa = PBXGroup;
			children = (
				2FCA17171B4ED24200056CA2 /* Vocabulary-ToyBox */,
				2FCA17311B4ED24200056CA2 /* Vocabulary-ToyBoxTests */,
				2FCA17161B4ED24200056CA2 /* Products */,
			);
			sourceTree = "<group>";
		};
		2FCA17161B4ED24200056CA2 /* Products */ = {
			isa = PBXGroup;
			children = (
				2FCA17151B4ED24200056CA2 /* Vocabulary-ToyBox.app */,
				2FCA172E1B4ED24200056CA2 /* Vocabulary-ToyBoxTests.xctest */,
			);
			name = Products;
			sourceTree = "<group>";
		};
		2FCA17171B4ED24200056CA2 /* Vocabulary-ToyBox */ = {
			isa = PBXGroup;
			children = (
				2FCA171A1B4ED24200056CA2 /* AppDelegate.swift */,
				2FCA171C1B4ED24200056CA2 /* GameScene.sks */,
				2FCA171E1B4ED24200056CA2 /* GameScene.swift */,
				2FCA17201B4ED24200056CA2 /* GameViewController.swift */,
				2FCA17221B4ED24200056CA2 /* Main.storyboard */,
				2FCA17251B4ED24200056CA2 /* Images.xcassets */,
				2FCA17271B4ED24200056CA2 /* LaunchScreen.xib */,
				2FCA17181B4ED24200056CA2 /* Supporting Files */,
			);
			path = "Vocabulary-ToyBox";
			sourceTree = "<group>";
		};
		2FCA17181B4ED24200056CA2 /* Supporting Files */ = {
			isa = PBXGroup;
			children = (
				2FCA17191B4ED24200056CA2 /* Info.plist */,
			);
			name = "Supporting Files";
			sourceTree = "<group>";
		};
		2FCA17311B4ED24200056CA2 /* Vocabulary-ToyBoxTests */ = {
			isa = PBXGroup;
			children = (
				2FCA17341B4ED24200056CA2 /* Vocabulary_ToyBoxTests.swift */,
				2FCA17321B4ED24200056CA2 /* Supporting Files */,
			);
			path = "Vocabulary-ToyBoxTests";
			sourceTree = "<group>";
		};
		2FCA17321B4ED24200056CA2 /* Supporting Files */ = {
			isa = PBXGroup;
			children = (
				2FCA17331B4ED24200056CA2 /* Info.plist */,
			);
			name = "Supporting Files";
			sourceTree = "<group>";
		};
/* End PBXGroup section */

/* Begin PBXNativeTarget section */
		2FCA17141B4ED24200056CA2 /* Vocabulary-ToyBox */ = {
			isa = PBXNativeTarget;
			buildConfigurationList = 2FCA17381B4ED24200056CA2 /* Build configuration list for PBXNativeTarget "Vocabulary-ToyBox" */;
			buildPhases = (
				2FCA17111B4ED24200056CA2 /* Sources */,
				2FCA17121B4ED24200056CA2 /* Frameworks */,
				2FCA17131B4ED24200056CA2 /* Resources */,
			);
			buildRules = (
			);
			dependencies = (
			);
			name = "Vocabulary-ToyBox";
			productName = "Vocabulary-ToyBox";
			productReference = 2FCA17151B4ED24200056CA2 /* Vocabulary-ToyBox.app */;
			productType = "com.apple.product-type.application";
		};
		2FCA172D1B4ED24200056CA2 /* Vocabulary-ToyBoxTests */ = {
			isa = PBXNativeTarget;
			buildConfigurationList = 2FCA173B1B4ED24200056CA2 /* Build configuration list for PBXNativeTarget "Vocabulary-ToyBoxTests" */;
			buildPhases = (
				2FCA172A1B4ED24200056CA2 /* Sources */,
				2FCA172B1B4ED24200056CA2 /* Frameworks */,
				2FCA172C1B4ED24200056CA2 /* Resources */,
			);
			buildRules = (
			);
			dependencies = (
				2FCA17301B4ED24200056CA2 /* PBXTargetDependency */,
			);
			name = "Vocabulary-ToyBoxTests";
			productName = "Vocabulary-ToyBoxTests";
			productReference = 2FCA172E1B4ED24200056CA2 /* Vocabulary-ToyBoxTests.xctest */;
			productType = "com.apple.product-type.bundle.unit-test";
		};
/* End PBXNativeTarget section */

/* Begin PBXProject section */
		2FCA170D1B4ED24200056CA2 /* Project object */ = {
			isa = PBXProject;
			attributes = {
				LastUpgradeCheck = 0630;
				ORGANIZATIONNAME = "Tongtong Wu";
				TargetAttributes = {
					2FCA17141B4ED24200056CA2 = {
						CreatedOnToolsVersion = 6.3.2;
					};
					2FCA172D1B4ED24200056CA2 = {
						CreatedOnToolsVersion = 6.3.2;
						TestTargetID = 2FCA17141B4ED24200056CA2;
					};
				};
			};
			buildConfigurationList = 2FCA17101B4ED24200056CA2 /* Build configuration list for PBXProject "Vocabulary-ToyBox" */;
			compatibilityVersion = "Xcode 3.2";
			developmentRegion = English;
			hasScannedForEncodings = 0;
			knownRegions = (
				en,
				Base,
			);
			mainGroup = 2FCA170C1B4ED24200056CA2;
			productRefGroup = 2FCA17161B4ED24200056CA2 /* Products */;
			projectDirPath = "";
			projectRoot = "";
			targets = (
				2FCA17141B4ED24200056CA2 /* Vocabulary-ToyBox */,
				2FCA172D1B4ED24200056CA2 /* Vocabulary-ToyBoxTests */,
			);
		};
/* End PBXProject section */

/* Begin PBXResourcesBuildPhase section */
		2FCA17131B4ED24200056CA2 /* Resources */ = {
			isa = PBXResourcesBuildPhase;
			buildActionMask = 2147483647;
			files = (
				2FCA17291B4ED24200056CA2 /* LaunchScreen.xib in Resources */,
				2FCA17261B4ED24200056CA2 /* Images.xcassets in Resources */,
				2FCA171D1B4ED24200056CA2 /* GameScene.sks in Resources */,
				2FCA17241B4ED24200056CA2 /* Main.storyboard in Resources */,
			);
			runOnlyForDeploymentPostprocessing = 0;
		};
		2FCA172C1B4ED24200056CA2 /* Resources */ = {
			isa = PBXResourcesBuildPhase;
			buildActionMask = 2147483647;
			files = (
			);
			runOnlyForDeploymentPostprocessing = 0;
		};
/* End PBXResourcesBuildPhase section */

/* Begin PBXSourcesBuildPhase section */
		2FCA17111B4ED24200056CA2 /* Sources */ = {
			isa = PBXSourcesBuildPhase;
			buildActionMask = 2147483647;
			files = (
				2FCA171F1B4ED24200056CA2 /* GameScene.swift in Sources */,
				2FCA17211B4ED24200056CA2 /* GameViewController.swift in Sources */,
				2FCA171B1B4ED24200056CA2 /* AppDelegate.swift in Sources */,
			);
			runOnlyForDeploymentPostprocessing = 0;
		};
		2FCA172A1B4ED24200056CA2 /* Sources */ = {
			isa = PBXSourcesBuildPhase;
			buildActionMask = 2147483647;
			files = (
				2FCA17351B4ED24200056CA2 /* Vocabulary_ToyBoxTests.swift in Sources */,
			);
			runOnlyForDeploymentPostprocessing = 0;
		};
/* End PBXSourcesBuildPhase section */

/* Begin PBXTargetDependency section */
		2FCA17301B4ED24200056CA2 /* PBXTargetDependency */ = {
			isa = PBXTargetDependency;
			target = 2FCA17141B4ED24200056CA2 /* Vocabulary-ToyBox */;
			targetProxy = 2FCA172F1B4ED24200056CA2 /* PBXContainerItemProxy */;
		};
/* End PBXTargetDependency section */

/* Begin PBXVariantGroup section */
		2FCA17221B4ED24200056CA2 /* Main.storyboard */ = {
			isa = PBXVariantGroup;
			children = (
				2FCA17231B4ED24200056CA2 /* Base */,
			);
			name = Main.storyboard;
			sourceTree = "<group>";
		};
		2FCA17271B4ED24200056CA2 /* LaunchScreen.xib */ = {
			isa = PBXVariantGroup;
			children = (
				2FCA17281B4ED24200056CA2 /* Base */,
			);
			name = LaunchScreen.xib;
			sourceTree = "<group>";
		};
/* End PBXVariantGroup section */

/* Begin XCBuildConfiguration section */
		2FCA17361B4ED24200056CA2 /* Debug */ = {
			isa = XCBuildConfiguration;
			buildSettings = {
				ALWAYS_SEARCH_USER_PATHS = NO;
				CLANG_CXX_LANGUAGE_STANDARD = "gnu++0x";
				CLANG_CXX_LIBRARY = "libc++";
				CLANG_ENABLE_MODULES = YES;
				CLANG_ENABLE_OBJC_ARC = YES;
				CLANG_WARN_BOOL_CONVERSION = YES;
				CLANG_WARN_CONSTANT_CONVERSION = YES;
				CLANG_WARN_DIRECT_OBJC_ISA_USAGE = YES_ERROR;
				CLANG_WARN_EMPTY_BODY = YES;
				CLANG_WARN_ENUM_CONVERSION = YES;
				CLANG_WARN_INT_CONVERSION = YES;
				CLANG_WARN_OBJC_ROOT_CLASS = YES_ERROR;
				CLANG_WARN_UNREACHABLE_CODE = YES;
				CLANG_WARN__DUPLICATE_METHOD_MATCH = YES;
				"CODE_SIGN_IDENTITY[sdk=iphoneos*]" = "iPhone Developer";
				COPY_PHASE_STRIP = NO;
				DEBUG_INFORMATION_FORMAT = "dwarf-with-dsym";
				ENABLE_STRICT_OBJC_MSGSEND = YES;
				GCC_C_LANGUAGE_STANDARD = gnu99;
				GCC_DYNAMIC_NO_PIC = NO;
				GCC_NO_COMMON_BLOCKS = YES;
				GCC_OPTIMIZATION_LEVEL = 0;
				GCC_PREPROCESSOR_DEFINITIONS = (
					"DEBUG=1",
					"$(inherited)",
				);
				GCC_SYMBOLS_PRIVATE_EXTERN = NO;
				GCC_WARN_64_TO_32_BIT_CONVERSION = YES;
				GCC_WARN_ABOUT_RETURN_TYPE = YES_ERROR;
				GCC_WARN_UNDECLARED_SELECTOR = YES;
				GCC_WARN_UNINITIALIZED_AUTOS = YES_AGGRESSIVE;
				GCC_WARN_UNUSED_FUNCTION = YES;
				GCC_WARN_UNUSED_VARIABLE = YES;
				IPHONEOS_DEPLOYMENT_TARGET = 8.3;
				MTL_ENABLE_DEBUG_INFO = YES;
				ONLY_ACTIVE_ARCH = YES;
				SDKROOT = iphoneos;
				SWIFT_OPTIMIZATION_LEVEL = "-Onone";
				TARGETED_DEVICE_FAMILY = "1,2";
			};
			name = Debug;
		};
		2FCA17371B4ED24200056CA2 /* Release */ = {
			isa = XCBuildConfiguration;
			buildSettings = {
				ALWAYS_SEARCH_USER_PATHS = NO;
				CLANG_CXX_LANGUAGE_STANDARD = "gnu++0x";
				CLANG_CXX_LIBRARY = "libc++";
				CLANG_ENABLE_MODULES = YES;
				CLANG_ENABLE_OBJC_ARC = YES;
				CLANG_WARN_BOOL_CONVERSION = YES;
				CLANG_WARN_CONSTANT_CONVERSION = YES;
				CLANG_WARN_DIRECT_OBJC_ISA_USAGE = YES_ERROR;
				CLANG_WARN_EMPTY_BODY = YES;
				CLANG_WARN_ENUM_CONVERSION = YES;
				CLANG_WARN_INT_CONVERSION = YES;
				CLANG_WARN_OBJC_ROOT_CLASS = YES_ERROR;
				CLANG_WARN_UNREACHABLE_CODE = YES;
				CLANG_WARN__DUPLICATE_METHOD_MATCH = YES;
				"CODE_SIGN_IDENTITY[sdk=iphoneos*]" = "iPhone Developer";
				COPY_PHASE_STRIP = NO;
				DEBUG_INFORMATION_FORMAT = "dwarf-with-dsym";
				ENABLE_NS_ASSERTIONS = NO;
				ENABLE_STRICT_OBJC_MSGSEND = YES;
				GCC_C_LANGUAGE_STANDARD = gnu99;
				GCC_NO_COMMON_BLOCKS = YES;
				GCC_WARN_64_TO_32_BIT_CONVERSION = YES;
				GCC_WARN_ABOUT_RETURN_TYPE = YES_ERROR;
				GCC_WARN_UNDECLARED_SELECTOR = YES;
				GCC_WARN_UNINITIALIZED_AUTOS = YES_AGGRESSIVE;
				GCC_WARN_UNUSED_FUNCTION = YES;
				GCC_WARN_UNUSED_VARIABLE = YES;
				IPHONEOS_DEPLOYMENT_TARGET = 8.3;
				MTL_ENABLE_DEBUG_INFO = NO;
				SDKROOT = iphoneos;
				TARGETED_DEVICE_FAMILY = "1,2";
				VALIDATE_PRODUCT = YES;
			};
			name = Release;
		};
		2FCA17391B4ED24200056CA2 /* Debug */ = {
			isa = XCBuildConfiguration;
			buildSettings = {
				ASSETCATALOG_COMPILER_APPICON_NAME = AppIcon;
				INFOPLIST_FILE = "Vocabulary-ToyBox/Info.plist";
				LD_RUNPATH_SEARCH_PATHS = "$(inherited) @executable_path/Frameworks";
				PRODUCT_NAME = "$(TARGET_NAME)";
			};
			name = Debug;
		};
		2FCA173A1B4ED24200056CA2 /* Release */ = {
			isa = XCBuildConfiguration;
			buildSettings = {
				ASSETCATALOG_COMPILER_APPICON_NAME = AppIcon;
				INFOPLIST_FILE = "Vocabulary-ToyBox/Info.plist";
				LD_RUNPATH_SEARCH_PATHS = "$(inherited) @executable_path/Frameworks";
				PRODUCT_NAME = "$(TARGET_NAME)";
			};
			name = Release;
		};
		2FCA173C1B4ED24200056CA2 /* Debug */ = {
			isa = XCBuildConfiguration;
			buildSettings = {
				BUNDLE_LOADER = "$(TEST_HOST)";
				FRAMEWORK_SEARCH_PATHS = (
					"$(SDKROOT)/Developer/Library/Frameworks",
					"$(inherited)",
				);
				GCC_PREPROCESSOR_DEFINITIONS = (
					"DEBUG=1",
					"$(inherited)",
				);
				INFOPLIST_FILE = "Vocabulary-ToyBoxTests/Info.plist";
				LD_RUNPATH_SEARCH_PATHS = "$(inherited) @executable_path/Frameworks @loader_path/Frameworks";
				PRODUCT_NAME = "$(TARGET_NAME)";
				TEST_HOST = "$(BUILT_PRODUCTS_DIR)/Vocabulary-ToyBox.app/Vocabulary-ToyBox";
			};
			name = Debug;
		};
		2FCA173D1B4ED24200056CA2 /* Release */ = {
			isa = XCBuildConfiguration;
			buildSettings = {
				BUNDLE_LOADER = "$(TEST_HOST)";
				FRAMEWORK_SEARCH_PATHS = (
					"$(SDKROOT)/Developer/Library/Frameworks",
					"$(inherited)",
				);
				INFOPLIST_FILE = "Vocabulary-ToyBoxTests/Info.plist";
				LD_RUNPATH_SEARCH_PATHS = "$(inherited) @executable_path/Frameworks @loader_path/Frameworks";
				PRODUCT_NAME = "$(TARGET_NAME)";
				TEST_HOST = "$(BUILT_PRODUCTS_DIR)/Vocabulary-ToyBox.app/Vocabulary-ToyBox";
			};
			name = Release;
		};
/* End XCBuildConfiguration section */

/* Begin XCConfigurationList section */
		2FCA17101B4ED24200056CA2 /* Build configuration list for PBXProject "Vocabulary-ToyBox" */ = {
			isa = XCConfigurationList;
			buildConfigurations = (
				2FCA17361B4ED24200056CA2 /* Debug */,
				2FCA17371B4ED24200056CA2 /* Release */,
			);
			defaultConfigurationIsVisible = 0;
			defaultConfigurationName = Release;
		};
		2FCA17381B4ED24200056CA2 /* Build configuration list for PBXNativeTarget "Vocabulary-ToyBox" */ = {
			isa = XCConfigurationList;
			buildConfigurations = (
				2FCA17391B4ED24200056CA2 /* Debug */,
				2FCA173A1B4ED24200056CA2 /* Release */,
			);
			defaultConfigurationIsVisible = 0;
		};
		2FCA173B1B4ED24200056CA2 /* Build configuration list for PBXNativeTarget "Vocabulary-ToyBoxTests" */ = {
			isa = XCConfigurationList;
			buildConfigurations = (
				2FCA173C1B4ED24200056CA2 /* Debug */,
				2FCA173D1B4ED24200056CA2 /* Release */,
			);
			defaultConfigurationIsVisible = 0;
		};
/* End XCConfigurationList section */
	};
	rootObject = 2FCA170D1B4ED24200056CA2 /* Project object */;
}
