// !$*UTF8*$!
{
	archiveVersion = 1;
	classes = {
	};
	objectVersion = 46;
	objects = {

/* Begin PBXBuildFile section */
		2F35968B1BA7E21D00C4700C /* TutorialViewController.swift in Sources */ = {isa = PBXBuildFile; fileRef = 2F35968A1BA7E21D00C4700C /* TutorialViewController.swift */; };
		2F6985C91BBBB49200F5E1DA /* ball.caf in Resources */ = {isa = PBXBuildFile; fileRef = 2F6985A71BBBB49200F5E1DA /* ball.caf */; settings = {ASSET_TAGS = (); }; };
		2F6985CA1BBBB49200F5E1DA /* basket.caf in Resources */ = {isa = PBXBuildFile; fileRef = 2F6985A81BBBB49200F5E1DA /* basket.caf */; settings = {ASSET_TAGS = (); }; };
		2F6985CB1BBBB49200F5E1DA /* belt.caf in Resources */ = {isa = PBXBuildFile; fileRef = 2F6985A91BBBB49200F5E1DA /* belt.caf */; settings = {ASSET_TAGS = (); }; };
		2F6985CC1BBBB49200F5E1DA /* bench.caf in Resources */ = {isa = PBXBuildFile; fileRef = 2F6985AA1BBBB49200F5E1DA /* bench.caf */; settings = {ASSET_TAGS = (); }; };
		2F6985CD1BBBB49200F5E1DA /* bird.caf in Resources */ = {isa = PBXBuildFile; fileRef = 2F6985AB1BBBB49200F5E1DA /* bird.caf */; settings = {ASSET_TAGS = (); }; };
		2F6985CE1BBBB49200F5E1DA /* bowl.caf in Resources */ = {isa = PBXBuildFile; fileRef = 2F6985AC1BBBB49200F5E1DA /* bowl.caf */; settings = {ASSET_TAGS = (); }; };
		2F6985CF1BBBB49200F5E1DA /* chair.caf in Resources */ = {isa = PBXBuildFile; fileRef = 2F6985AD1BBBB49200F5E1DA /* chair.caf */; settings = {ASSET_TAGS = (); }; };
		2F6985D01BBBB49200F5E1DA /* dog.caf in Resources */ = {isa = PBXBuildFile; fileRef = 2F6985AE1BBBB49200F5E1DA /* dog.caf */; settings = {ASSET_TAGS = (); }; };
		2F6985D11BBBB49200F5E1DA /* dress.caf in Resources */ = {isa = PBXBuildFile; fileRef = 2F6985AF1BBBB49200F5E1DA /* dress.caf */; settings = {ASSET_TAGS = (); }; };
		2F6985D21BBBB49200F5E1DA /* flag.caf in Resources */ = {isa = PBXBuildFile; fileRef = 2F6985B01BBBB49200F5E1DA /* flag.caf */; settings = {ASSET_TAGS = (); }; };
		2F6985D31BBBB49200F5E1DA /* glasses.caf in Resources */ = {isa = PBXBuildFile; fileRef = 2F6985B11BBBB49200F5E1DA /* glasses.caf */; settings = {ASSET_TAGS = (); }; };
		2F6985D41BBBB49200F5E1DA /* gloves.caf in Resources */ = {isa = PBXBuildFile; fileRef = 2F6985B21BBBB49200F5E1DA /* gloves.caf */; settings = {ASSET_TAGS = (); }; };
		2F6985D51BBBB49200F5E1DA /* glue.caf in Resources */ = {isa = PBXBuildFile; fileRef = 2F6985B31BBBB49200F5E1DA /* glue.caf */; settings = {ASSET_TAGS = (); }; };
		2F6985D61BBBB49200F5E1DA /* hammer.caf in Resources */ = {isa = PBXBuildFile; fileRef = 2F6985B41BBBB49200F5E1DA /* hammer.caf */; settings = {ASSET_TAGS = (); }; };
		2F6985D71BBBB49200F5E1DA /* hose.caf in Resources */ = {isa = PBXBuildFile; fileRef = 2F6985B51BBBB49200F5E1DA /* hose.caf */; settings = {ASSET_TAGS = (); }; };
		2F6985D81BBBB49200F5E1DA /* jar.caf in Resources */ = {isa = PBXBuildFile; fileRef = 2F6985B61BBBB49200F5E1DA /* jar.caf */; settings = {ASSET_TAGS = (); }; };
		2F6985D91BBBB49200F5E1DA /* keys.caf in Resources */ = {isa = PBXBuildFile; fileRef = 2F6985B71BBBB49200F5E1DA /* keys.caf */; settings = {ASSET_TAGS = (); }; };
		2F6985DA1BBBB49200F5E1DA /* ladder.caf in Resources */ = {isa = PBXBuildFile; fileRef = 2F6985B81BBBB49200F5E1DA /* ladder.caf */; settings = {ASSET_TAGS = (); }; };
		2F6985DB1BBBB49200F5E1DA /* lamp.caf in Resources */ = {isa = PBXBuildFile; fileRef = 2F6985B91BBBB49200F5E1DA /* lamp.caf */; settings = {ASSET_TAGS = (); }; };
		2F6985DC1BBBB49200F5E1DA /* napkin.caf in Resources */ = {isa = PBXBuildFile; fileRef = 2F6985BA1BBBB49200F5E1DA /* napkin.caf */; settings = {ASSET_TAGS = (); }; };
		2F6985DD1BBBB49200F5E1DA /* necklace.caf in Resources */ = {isa = PBXBuildFile; fileRef = 2F6985BB1BBBB49200F5E1DA /* necklace.caf */; settings = {ASSET_TAGS = (); }; };
		2F6985DE1BBBB49200F5E1DA /* pig.caf in Resources */ = {isa = PBXBuildFile; fileRef = 2F6985BC1BBBB49200F5E1DA /* pig.caf */; settings = {ASSET_TAGS = (); }; };
		2F6985DF1BBBB49200F5E1DA /* pretzel.caf in Resources */ = {isa = PBXBuildFile; fileRef = 2F6985BD1BBBB49200F5E1DA /* pretzel.caf */; settings = {ASSET_TAGS = (); }; };
		2F6985E01BBBB49200F5E1DA /* scarf.caf in Resources */ = {isa = PBXBuildFile; fileRef = 2F6985BE1BBBB49200F5E1DA /* scarf.caf */; settings = {ASSET_TAGS = (); }; };
		2F6985E11BBBB49200F5E1DA /* shovel.caf in Resources */ = {isa = PBXBuildFile; fileRef = 2F6985BF1BBBB49200F5E1DA /* shovel.caf */; settings = {ASSET_TAGS = (); }; };
		2F6985E21BBBB49200F5E1DA /* sled.caf in Resources */ = {isa = PBXBuildFile; fileRef = 2F6985C01BBBB49200F5E1DA /* sled.caf */; settings = {ASSET_TAGS = (); }; };
		2F6985E31BBBB49200F5E1DA /* sofa.caf in Resources */ = {isa = PBXBuildFile; fileRef = 2F6985C11BBBB49200F5E1DA /* sofa.caf */; settings = {ASSET_TAGS = (); }; };
		2F6985E41BBBB49200F5E1DA /* stairs.caf in Resources */ = {isa = PBXBuildFile; fileRef = 2F6985C21BBBB49200F5E1DA /* stairs.caf */; settings = {ASSET_TAGS = (); }; };
		2F6985E51BBBB49200F5E1DA /* tape.caf in Resources */ = {isa = PBXBuildFile; fileRef = 2F6985C31BBBB49200F5E1DA /* tape.caf */; settings = {ASSET_TAGS = (); }; };
		2F6985E61BBBB49200F5E1DA /* toast.caf in Resources */ = {isa = PBXBuildFile; fileRef = 2F6985C41BBBB49200F5E1DA /* toast.caf */; settings = {ASSET_TAGS = (); }; };
		2F6985E71BBBB49200F5E1DA /* tractor.caf in Resources */ = {isa = PBXBuildFile; fileRef = 2F6985C51BBBB49200F5E1DA /* tractor.caf */; settings = {ASSET_TAGS = (); }; };
		2F6985E81BBBB49200F5E1DA /* tray.caf in Resources */ = {isa = PBXBuildFile; fileRef = 2F6985C61BBBB49200F5E1DA /* tray.caf */; settings = {ASSET_TAGS = (); }; };
		2F6985E91BBBB49200F5E1DA /* tricycle.caf in Resources */ = {isa = PBXBuildFile; fileRef = 2F6985C71BBBB49200F5E1DA /* tricycle.caf */; settings = {ASSET_TAGS = (); }; };
		2F6985EA1BBBB49200F5E1DA /* zipper.caf in Resources */ = {isa = PBXBuildFile; fileRef = 2F6985C81BBBB49200F5E1DA /* zipper.caf */; settings = {ASSET_TAGS = (); }; };
		2F7E38781B5770500094A16B /* 01 SMALL TOWN INSTRUMENTAL.aif in Resources */ = {isa = PBXBuildFile; fileRef = 2F7E371E1B5770500094A16B /* 01 SMALL TOWN INSTRUMENTAL.aif */; };
		2F7E38791B5770500094A16B /* bensound-funnysong_30sec.aif in Resources */ = {isa = PBXBuildFile; fileRef = 2F7E371F1B5770500094A16B /* bensound-funnysong_30sec.aif */; };
		2F7E387A1B5770500094A16B /* bensound_jazzyfrenchy_30sec.aif in Resources */ = {isa = PBXBuildFile; fileRef = 2F7E37201B5770500094A16B /* bensound_jazzyfrenchy_30sec.aif */; };
		2F7E387B1B5770500094A16B /* wrong tone a.caf in Resources */ = {isa = PBXBuildFile; fileRef = 2F7E37221B5770500094A16B /* wrong tone a.caf */; };
		2F7E387C1B5770500094A16B /* wrong tone b.caf in Resources */ = {isa = PBXBuildFile; fileRef = 2F7E37231B5770500094A16B /* wrong tone b.caf */; };
		2F7E387D1B5770500094A16B /* wrong tone c.caf in Resources */ = {isa = PBXBuildFile; fileRef = 2F7E37241B5770500094A16B /* wrong tone c.caf */; };
		2F7E387E1B5770500094A16B /* right tone2.caf in Resources */ = {isa = PBXBuildFile; fileRef = 2F7E37261B5770500094A16B /* right tone2.caf */; };
		2F7E387F1B5770500094A16B /* right_tone.caf in Resources */ = {isa = PBXBuildFile; fileRef = 2F7E37271B5770500094A16B /* right_tone.caf */; };
		2F7E38801B5770500094A16B /* pew.caf in Resources */ = {isa = PBXBuildFile; fileRef = 2F7E37291B5770500094A16B /* pew.caf */; };
		2F7E38811B5770500094A16B /* squeeze-toy-1.caf in Resources */ = {isa = PBXBuildFile; fileRef = 2F7E372A1B5770500094A16B /* squeeze-toy-1.caf */; };
		2F7E38821B5770500094A16B /* squeeze-toy-3.caf in Resources */ = {isa = PBXBuildFile; fileRef = 2F7E372B1B5770500094A16B /* squeeze-toy-3.caf */; };
		2F7E38831B5770500094A16B /* squeeze-toy-4.caf in Resources */ = {isa = PBXBuildFile; fileRef = 2F7E372C1B5770500094A16B /* squeeze-toy-4.caf */; };
		2FA9CE971BC1CD81002985EE /* ball.atlas in Resources */ = {isa = PBXBuildFile; fileRef = 2FA9CE751BC1CD81002985EE /* ball.atlas */; settings = {ASSET_TAGS = (); }; };
		2FA9CE981BC1CD81002985EE /* basket.atlas in Resources */ = {isa = PBXBuildFile; fileRef = 2FA9CE761BC1CD81002985EE /* basket.atlas */; settings = {ASSET_TAGS = (); }; };
		2FA9CE991BC1CD81002985EE /* belt.atlas in Resources */ = {isa = PBXBuildFile; fileRef = 2FA9CE771BC1CD81002985EE /* belt.atlas */; settings = {ASSET_TAGS = (); }; };
		2FA9CE9A1BC1CD81002985EE /* bench.atlas in Resources */ = {isa = PBXBuildFile; fileRef = 2FA9CE781BC1CD81002985EE /* bench.atlas */; settings = {ASSET_TAGS = (); }; };
		2FA9CE9B1BC1CD81002985EE /* bird.atlas in Resources */ = {isa = PBXBuildFile; fileRef = 2FA9CE791BC1CD81002985EE /* bird.atlas */; settings = {ASSET_TAGS = (); }; };
		2FA9CE9C1BC1CD81002985EE /* bowl.atlas in Resources */ = {isa = PBXBuildFile; fileRef = 2FA9CE7A1BC1CD81002985EE /* bowl.atlas */; settings = {ASSET_TAGS = (); }; };
		2FA9CE9D1BC1CD81002985EE /* chair.atlas in Resources */ = {isa = PBXBuildFile; fileRef = 2FA9CE7B1BC1CD81002985EE /* chair.atlas */; settings = {ASSET_TAGS = (); }; };
		2FA9CE9E1BC1CD81002985EE /* dog.atlas in Resources */ = {isa = PBXBuildFile; fileRef = 2FA9CE7C1BC1CD81002985EE /* dog.atlas */; settings = {ASSET_TAGS = (); }; };
		2FA9CE9F1BC1CD81002985EE /* dress.atlas in Resources */ = {isa = PBXBuildFile; fileRef = 2FA9CE7D1BC1CD81002985EE /* dress.atlas */; settings = {ASSET_TAGS = (); }; };
		2FA9CEA01BC1CD81002985EE /* flag.atlas in Resources */ = {isa = PBXBuildFile; fileRef = 2FA9CE7E1BC1CD81002985EE /* flag.atlas */; settings = {ASSET_TAGS = (); }; };
		2FA9CEA11BC1CD81002985EE /* glasses.atlas in Resources */ = {isa = PBXBuildFile; fileRef = 2FA9CE7F1BC1CD81002985EE /* glasses.atlas */; settings = {ASSET_TAGS = (); }; };
		2FA9CEA21BC1CD81002985EE /* gloves.atlas in Resources */ = {isa = PBXBuildFile; fileRef = 2FA9CE801BC1CD81002985EE /* gloves.atlas */; settings = {ASSET_TAGS = (); }; };
		2FA9CEA31BC1CD81002985EE /* glue.atlas in Resources */ = {isa = PBXBuildFile; fileRef = 2FA9CE811BC1CD81002985EE /* glue.atlas */; settings = {ASSET_TAGS = (); }; };
		2FA9CEA41BC1CD81002985EE /* hammer.atlas in Resources */ = {isa = PBXBuildFile; fileRef = 2FA9CE821BC1CD81002985EE /* hammer.atlas */; settings = {ASSET_TAGS = (); }; };
		2FA9CEA51BC1CD81002985EE /* hose.atlas in Resources */ = {isa = PBXBuildFile; fileRef = 2FA9CE831BC1CD81002985EE /* hose.atlas */; settings = {ASSET_TAGS = (); }; };
		2FA9CEA61BC1CD81002985EE /* jar.atlas in Resources */ = {isa = PBXBuildFile; fileRef = 2FA9CE841BC1CD81002985EE /* jar.atlas */; settings = {ASSET_TAGS = (); }; };
		2FA9CEA71BC1CD81002985EE /* keys.atlas in Resources */ = {isa = PBXBuildFile; fileRef = 2FA9CE851BC1CD81002985EE /* keys.atlas */; settings = {ASSET_TAGS = (); }; };
		2FA9CEA81BC1CD81002985EE /* ladder.atlas in Resources */ = {isa = PBXBuildFile; fileRef = 2FA9CE861BC1CD81002985EE /* ladder.atlas */; settings = {ASSET_TAGS = (); }; };
		2FA9CEA91BC1CD81002985EE /* lamp.atlas in Resources */ = {isa = PBXBuildFile; fileRef = 2FA9CE871BC1CD81002985EE /* lamp.atlas */; settings = {ASSET_TAGS = (); }; };
		2FA9CEAA1BC1CD81002985EE /* napkin.atlas in Resources */ = {isa = PBXBuildFile; fileRef = 2FA9CE881BC1CD81002985EE /* napkin.atlas */; settings = {ASSET_TAGS = (); }; };
		2FA9CEAB1BC1CD81002985EE /* necklace.atlas in Resources */ = {isa = PBXBuildFile; fileRef = 2FA9CE891BC1CD81002985EE /* necklace.atlas */; settings = {ASSET_TAGS = (); }; };
		2FA9CEAC1BC1CD81002985EE /* pig.atlas in Resources */ = {isa = PBXBuildFile; fileRef = 2FA9CE8A1BC1CD81002985EE /* pig.atlas */; settings = {ASSET_TAGS = (); }; };
		2FA9CEAD1BC1CD81002985EE /* pretzel.atlas in Resources */ = {isa = PBXBuildFile; fileRef = 2FA9CE8B1BC1CD81002985EE /* pretzel.atlas */; settings = {ASSET_TAGS = (); }; };
		2FA9CEAE1BC1CD81002985EE /* scarf.atlas in Resources */ = {isa = PBXBuildFile; fileRef = 2FA9CE8C1BC1CD81002985EE /* scarf.atlas */; settings = {ASSET_TAGS = (); }; };
		2FA9CEAF1BC1CD81002985EE /* shovel.atlas in Resources */ = {isa = PBXBuildFile; fileRef = 2FA9CE8D1BC1CD81002985EE /* shovel.atlas */; settings = {ASSET_TAGS = (); }; };
		2FA9CEB01BC1CD81002985EE /* sled.atlas in Resources */ = {isa = PBXBuildFile; fileRef = 2FA9CE8E1BC1CD81002985EE /* sled.atlas */; settings = {ASSET_TAGS = (); }; };
		2FA9CEB11BC1CD81002985EE /* sofa.atlas in Resources */ = {isa = PBXBuildFile; fileRef = 2FA9CE8F1BC1CD81002985EE /* sofa.atlas */; settings = {ASSET_TAGS = (); }; };
		2FA9CEB21BC1CD81002985EE /* stairs.atlas in Resources */ = {isa = PBXBuildFile; fileRef = 2FA9CE901BC1CD81002985EE /* stairs.atlas */; settings = {ASSET_TAGS = (); }; };
		2FA9CEB31BC1CD81002985EE /* tape.atlas in Resources */ = {isa = PBXBuildFile; fileRef = 2FA9CE911BC1CD81002985EE /* tape.atlas */; settings = {ASSET_TAGS = (); }; };
		2FA9CEB41BC1CD81002985EE /* toast.atlas in Resources */ = {isa = PBXBuildFile; fileRef = 2FA9CE921BC1CD81002985EE /* toast.atlas */; settings = {ASSET_TAGS = (); }; };
		2FA9CEB51BC1CD81002985EE /* tractor.atlas in Resources */ = {isa = PBXBuildFile; fileRef = 2FA9CE931BC1CD81002985EE /* tractor.atlas */; settings = {ASSET_TAGS = (); }; };
		2FA9CEB61BC1CD81002985EE /* tray.atlas in Resources */ = {isa = PBXBuildFile; fileRef = 2FA9CE941BC1CD81002985EE /* tray.atlas */; settings = {ASSET_TAGS = (); }; };
		2FA9CEB71BC1CD81002985EE /* tricycle.atlas in Resources */ = {isa = PBXBuildFile; fileRef = 2FA9CE951BC1CD81002985EE /* tricycle.atlas */; settings = {ASSET_TAGS = (); }; };
		2FA9CEB81BC1CD81002985EE /* zipper.atlas in Resources */ = {isa = PBXBuildFile; fileRef = 2FA9CE961BC1CD81002985EE /* zipper.atlas */; settings = {ASSET_TAGS = (); }; };
		2FD013AC1B4CF77A00217F6B /* VocabularyScene.swift in Sources */ = {isa = PBXBuildFile; fileRef = 2FD013AB1B4CF77A00217F6B /* VocabularyScene.swift */; };
		2FDF8D871BA35DEF000152A2 /* TutorialScene.swift in Sources */ = {isa = PBXBuildFile; fileRef = 2FDF8D861BA35DEF000152A2 /* TutorialScene.swift */; };
		3568E5721A147CC9001CA426 /* Main.storyboard in Resources */ = {isa = PBXBuildFile; fileRef = 3568E5711A147CC9001CA426 /* Main.storyboard */; };
		3568E57D1A147CF1001CA426 /* CTBObject.swift in Sources */ = {isa = PBXBuildFile; fileRef = 3568E5731A147CF1001CA426 /* CTBObject.swift */; };
		3568E57F1A147CF1001CA426 /* Images.xcassets in Resources */ = {isa = PBXBuildFile; fileRef = 3568E5761A147CF1001CA426 /* Images.xcassets */; };
		3568E58D1A147D29001CA426 /* AppDelegate.swift in Sources */ = {isa = PBXBuildFile; fileRef = 3568E5861A147D29001CA426 /* AppDelegate.swift */; };
		3568E58E1A147D29001CA426 /* GameViewController.swift in Sources */ = {isa = PBXBuildFile; fileRef = 3568E5871A147D29001CA426 /* GameViewController.swift */; };
		3568E58F1A147D29001CA426 /* GameController.swift in Sources */ = {isa = PBXBuildFile; fileRef = 3568E5881A147D29001CA426 /* GameController.swift */; };
		3568E5901A147D29001CA426 /* SettingsViewController.swift in Sources */ = {isa = PBXBuildFile; fileRef = 3568E5891A147D29001CA426 /* SettingsViewController.swift */; };
		3568E5911A147D29001CA426 /* AnalysisViewController.swift in Sources */ = {isa = PBXBuildFile; fileRef = 3568E58A1A147D29001CA426 /* AnalysisViewController.swift */; };
		3568E5921A147D29001CA426 /* InfoViewController.swift in Sources */ = {isa = PBXBuildFile; fileRef = 3568E58B1A147D29001CA426 /* InfoViewController.swift */; };
		3568E5931A147D29001CA426 /* UserViewController.swift in Sources */ = {isa = PBXBuildFile; fileRef = 3568E58C1A147D29001CA426 /* UserViewController.swift */; };
		3568E5981A147D64001CA426 /* UserPerformance.swift in Sources */ = {isa = PBXBuildFile; fileRef = 3568E5951A147D64001CA426 /* UserPerformance.swift */; };
		3568E5991A147D64001CA426 /* UserInfo.swift in Sources */ = {isa = PBXBuildFile; fileRef = 3568E5961A147D64001CA426 /* UserInfo.swift */; };
		3568E59A1A147D64001CA426 /* NameFirstAppear.swift in Sources */ = {isa = PBXBuildFile; fileRef = 3568E5971A147D64001CA426 /* NameFirstAppear.swift */; };
		3568E5A81A147D9F001CA426 /* ActionHelper.swift in Sources */ = {isa = PBXBuildFile; fileRef = 3568E59D1A147D9F001CA426 /* ActionHelper.swift */; };
		3568E5A91A147D9F001CA426 /* ImageSourceHelper.swift in Sources */ = {isa = PBXBuildFile; fileRef = 3568E59E1A147D9F001CA426 /* ImageSourceHelper.swift */; };
		3568E5AA1A147D9F001CA426 /* CTBObjectSearchHelper.swift in Sources */ = {isa = PBXBuildFile; fileRef = 3568E59F1A147D9F001CA426 /* CTBObjectSearchHelper.swift */; };
		3568E5AB1A147D9F001CA426 /* UserPerformanceHelper.swift in Sources */ = {isa = PBXBuildFile; fileRef = 3568E5A01A147D9F001CA426 /* UserPerformanceHelper.swift */; };
		3568E5AC1A147D9F001CA426 /* UserInfoHelper.swift in Sources */ = {isa = PBXBuildFile; fileRef = 3568E5A11A147D9F001CA426 /* UserInfoHelper.swift */; };
		3568E5AD1A147D9F001CA426 /* SoundSourceHelper.swift in Sources */ = {isa = PBXBuildFile; fileRef = 3568E5A21A147D9F001CA426 /* SoundSourceHelper.swift */; };
		3568E5AE1A147D9F001CA426 /* ErrorLogger.swift in Sources */ = {isa = PBXBuildFile; fileRef = 3568E5A31A147D9F001CA426 /* ErrorLogger.swift */; };
		3568E5AF1A147D9F001CA426 /* DateHelper.swift in Sources */ = {isa = PBXBuildFile; fileRef = 3568E5A41A147D9F001CA426 /* DateHelper.swift */; };
		3568E5B01A147D9F001CA426 /* DrawingHelper.swift in Sources */ = {isa = PBXBuildFile; fileRef = 3568E5A51A147D9F001CA426 /* DrawingHelper.swift */; };
		3568E5B11A147D9F001CA426 /* StatisticsTrackHelper.swift in Sources */ = {isa = PBXBuildFile; fileRef = 3568E5A61A147D9F001CA426 /* StatisticsTrackHelper.swift */; };
		3568E5B21A147D9F001CA426 /* GlobalConfiguration.swift in Sources */ = {isa = PBXBuildFile; fileRef = 3568E5A71A147D9F001CA426 /* GlobalConfiguration.swift */; };
		3568E5B91A147DAD001CA426 /* GameScene.sks in Resources */ = {isa = PBXBuildFile; fileRef = 3568E5B31A147DAD001CA426 /* GameScene.sks */; };
		3568E5BB1A147DAD001CA426 /* ReviewScene.swift in Sources */ = {isa = PBXBuildFile; fileRef = 3568E5B51A147DAD001CA426 /* ReviewScene.swift */; };
		3568E5BC1A147DAD001CA426 /* StartScene.swift in Sources */ = {isa = PBXBuildFile; fileRef = 3568E5B61A147DAD001CA426 /* StartScene.swift */; };
		3568E5BD1A147DAD001CA426 /* WelcomeScene.swift in Sources */ = {isa = PBXBuildFile; fileRef = 3568E5B71A147DAD001CA426 /* WelcomeScene.swift */; };
		3568E5BE1A147DAD001CA426 /* SettingsScene.swift in Sources */ = {isa = PBXBuildFile; fileRef = 3568E5B81A147DAD001CA426 /* SettingsScene.swift */; };
		3568E5C11A147E20001CA426 /* Bridge.m in Sources */ = {isa = PBXBuildFile; fileRef = 3568E5C01A147E20001CA426 /* Bridge.m */; };
		3568E5C21A147E3A001CA426 /* Bridge.m in Sources */ = {isa = PBXBuildFile; fileRef = 3568E5C01A147E20001CA426 /* Bridge.m */; };
		3568E6901A148095001CA426 /* SystemConfiguration.framework in Frameworks */ = {isa = PBXBuildFile; fileRef = 3568E68F1A148095001CA426 /* SystemConfiguration.framework */; };
		3568E6921A1480A2001CA426 /* Security.framework in Frameworks */ = {isa = PBXBuildFile; fileRef = 3568E6911A1480A2001CA426 /* Security.framework */; };
		3568E6961A1480CE001CA426 /* libFlurry_5.4.0.a in Frameworks */ = {isa = PBXBuildFile; fileRef = 3568E6951A1480CE001CA426 /* libFlurry_5.4.0.a */; };
		3568E6971A14830D001CA426 /* TelerikUI.framework in Frameworks */ = {isa = PBXBuildFile; fileRef = 3568E68D1A148083001CA426 /* TelerikUI.framework */; };
		3568E6981A14830E001CA426 /* TelerikUI.framework in Frameworks */ = {isa = PBXBuildFile; fileRef = 3568E68D1A148083001CA426 /* TelerikUI.framework */; };
		3568E6A21A14837E001CA426 /* Cognitive_ToyBoxTests.swift in Sources */ = {isa = PBXBuildFile; fileRef = 3568E69A1A14837E001CA426 /* Cognitive_ToyBoxTests.swift */; };
		3568E6A31A14837E001CA426 /* ImageSourceHelperTests.swift in Sources */ = {isa = PBXBuildFile; fileRef = 3568E69B1A14837E001CA426 /* ImageSourceHelperTests.swift */; };
		3568E6A41A14837E001CA426 /* CTBObjectTest.swift in Sources */ = {isa = PBXBuildFile; fileRef = 3568E69C1A14837E001CA426 /* CTBObjectTest.swift */; };
		3568E6A51A14837E001CA426 /* CTBObjectSearchHelperTest.swift in Sources */ = {isa = PBXBuildFile; fileRef = 3568E69D1A14837E001CA426 /* CTBObjectSearchHelperTest.swift */; };
		3568E6A61A14837E001CA426 /* GameControllerTest.swift in Sources */ = {isa = PBXBuildFile; fileRef = 3568E69E1A14837E001CA426 /* GameControllerTest.swift */; };
		3568E6A71A14837E001CA426 /* UserPerformanceHelperTest.swift in Sources */ = {isa = PBXBuildFile; fileRef = 3568E69F1A14837E001CA426 /* UserPerformanceHelperTest.swift */; };
		3568E6A81A14837E001CA426 /* DateHelperTest.swift in Sources */ = {isa = PBXBuildFile; fileRef = 3568E6A01A14837E001CA426 /* DateHelperTest.swift */; };
		3568E6A91A14837E001CA426 /* GlobalConfigurationTest.swift in Sources */ = {isa = PBXBuildFile; fileRef = 3568E6A11A14837E001CA426 /* GlobalConfigurationTest.swift */; };
		3568E6B21A1493F8001CA426 /* CoreData.xcdatamodeld in Sources */ = {isa = PBXBuildFile; fileRef = 3568E6B01A1493F8001CA426 /* CoreData.xcdatamodeld */; };
		430D3F201AA652A2007279C4 /* CameraViewController.swift in Sources */ = {isa = PBXBuildFile; fileRef = 430D3F1F1AA652A2007279C4 /* CameraViewController.swift */; };
		4312219F1B29F65200D13332 /* ConfettiScene.swift in Sources */ = {isa = PBXBuildFile; fileRef = 4312219E1B29F65200D13332 /* ConfettiScene.swift */; };
		4327C3B91AD4B81200245A88 /* InfoView5.xib in Resources */ = {isa = PBXBuildFile; fileRef = 4327C3B81AD4B81200245A88 /* InfoView5.xib */; };
		4327C3BB1AD4C1FF00245A88 /* InfoView7.xib in Resources */ = {isa = PBXBuildFile; fileRef = 4327C3BA1AD4C1FF00245A88 /* InfoView7.xib */; };
		43344F1B1AD90F8A00FAC865 /* InfoView1.xib in Resources */ = {isa = PBXBuildFile; fileRef = 43344F1A1AD90F8A00FAC865 /* InfoView1.xib */; };
		43344F1D1AD9111500FAC865 /* InfoView2.xib in Resources */ = {isa = PBXBuildFile; fileRef = 43344F1C1AD9111500FAC865 /* InfoView2.xib */; };
		43344F1F1AD9120700FAC865 /* InfoView3.xib in Resources */ = {isa = PBXBuildFile; fileRef = 43344F1E1AD9120700FAC865 /* InfoView3.xib */; };
		43344F211AD912A000FAC865 /* InfoView4.xib in Resources */ = {isa = PBXBuildFile; fileRef = 43344F201AD912A000FAC865 /* InfoView4.xib */; };
		43344F231AD9138E00FAC865 /* InfoView6.xib in Resources */ = {isa = PBXBuildFile; fileRef = 43344F221AD9138E00FAC865 /* InfoView6.xib */; };
		43344F281ADA856100FAC865 /* LaunchScreen.xib in Resources */ = {isa = PBXBuildFile; fileRef = 359306B81A14784200A7DE3D /* LaunchScreen.xib */; };
		436CE2371AC17CED0071BF06 /* MainTests.swift in Sources */ = {isa = PBXBuildFile; fileRef = 436CE2361AC17CED0071BF06 /* MainTests.swift */; };
		437DF1A51B182EF500CEFFAF /* TriadScene.swift in Sources */ = {isa = PBXBuildFile; fileRef = 437DF1A41B182EF500CEFFAF /* TriadScene.swift */; };
		438211F41AD7CDAD005D228B /* InfoView8.xib in Resources */ = {isa = PBXBuildFile; fileRef = 438211F31AD7CDAD005D228B /* InfoView8.xib */; };
		4382122E1AD84C22005D228B /* Blop.caf in Resources */ = {isa = PBXBuildFile; fileRef = 4382122D1AD84C22005D228B /* Blop.caf */; };
		4394C2441A8D586D00845C11 /* znuscript-webfont.ttf in Resources */ = {isa = PBXBuildFile; fileRef = 4394C2411A8D586D00845C11 /* znuscript-webfont.ttf */; };
		4394C2451A8D586D00845C11 /* znuscriptheavy-webfont.ttf in Resources */ = {isa = PBXBuildFile; fileRef = 4394C2421A8D586D00845C11 /* znuscriptheavy-webfont.ttf */; };
		4394C2461A8D586D00845C11 /* znuscriptoutline-webfont.ttf in Resources */ = {isa = PBXBuildFile; fileRef = 4394C2431A8D586D00845C11 /* znuscriptoutline-webfont.ttf */; };
		4394C2481A94662B00845C11 /* UserCollectionViewCell.swift in Sources */ = {isa = PBXBuildFile; fileRef = 4394C2471A94662B00845C11 /* UserCollectionViewCell.swift */; };
		4394C24A1A946F8F00845C11 /* CenterFlowLayout.swift in Sources */ = {isa = PBXBuildFile; fileRef = 4394C2491A946F8F00845C11 /* CenterFlowLayout.swift */; };
		4394C24E1A971BA900845C11 /* AVFoundation.framework in Frameworks */ = {isa = PBXBuildFile; fileRef = 4394C24D1A971BA900845C11 /* AVFoundation.framework */; };
		4394C2501A9744CD00845C11 /* QuitScene.swift in Sources */ = {isa = PBXBuildFile; fileRef = 4394C24F1A9744CD00845C11 /* QuitScene.swift */; };
		4394C2561A9BD3E400845C11 /* Accelerate.framework in Frameworks */ = {isa = PBXBuildFile; fileRef = 4394C2551A9BD3E400845C11 /* Accelerate.framework */; };
		4394C2581A9C71C000845C11 /* DatePickerViewController.swift in Sources */ = {isa = PBXBuildFile; fileRef = 4394C2571A9C71C000845C11 /* DatePickerViewController.swift */; };
		43C8CFB81AE088B5006A65C3 /* InfoViewAnimation.mov in Resources */ = {isa = PBXBuildFile; fileRef = 43C8CFB71AE088B5006A65C3 /* InfoViewAnimation.mov */; };
/* End PBXBuildFile section */

/* Begin PBXContainerItemProxy section */
		359306C01A14784200A7DE3D /* PBXContainerItemProxy */ = {
			isa = PBXContainerItemProxy;
			containerPortal = 3593069E1A14784200A7DE3D /* Project object */;
			proxyType = 1;
			remoteGlobalIDString = 359306A51A14784200A7DE3D;
			remoteInfo = "Cognitive ToyBox";
		};
/* End PBXContainerItemProxy section */

/* Begin PBXFileReference section */
		2F35968A1BA7E21D00C4700C /* TutorialViewController.swift */ = {isa = PBXFileReference; fileEncoding = 4; lastKnownFileType = sourcecode.swift; path = TutorialViewController.swift; sourceTree = "<group>"; };
		2F6985A71BBBB49200F5E1DA /* ball.caf */ = {isa = PBXFileReference; lastKnownFileType = file; path = ball.caf; sourceTree = "<group>"; };
		2F6985A81BBBB49200F5E1DA /* basket.caf */ = {isa = PBXFileReference; lastKnownFileType = file; path = basket.caf; sourceTree = "<group>"; };
		2F6985A91BBBB49200F5E1DA /* belt.caf */ = {isa = PBXFileReference; lastKnownFileType = file; path = belt.caf; sourceTree = "<group>"; };
		2F6985AA1BBBB49200F5E1DA /* bench.caf */ = {isa = PBXFileReference; lastKnownFileType = file; path = bench.caf; sourceTree = "<group>"; };
		2F6985AB1BBBB49200F5E1DA /* bird.caf */ = {isa = PBXFileReference; lastKnownFileType = file; path = bird.caf; sourceTree = "<group>"; };
		2F6985AC1BBBB49200F5E1DA /* bowl.caf */ = {isa = PBXFileReference; lastKnownFileType = file; path = bowl.caf; sourceTree = "<group>"; };
		2F6985AD1BBBB49200F5E1DA /* chair.caf */ = {isa = PBXFileReference; lastKnownFileType = file; path = chair.caf; sourceTree = "<group>"; };
		2F6985AE1BBBB49200F5E1DA /* dog.caf */ = {isa = PBXFileReference; lastKnownFileType = file; path = dog.caf; sourceTree = "<group>"; };
		2F6985AF1BBBB49200F5E1DA /* dress.caf */ = {isa = PBXFileReference; lastKnownFileType = file; path = dress.caf; sourceTree = "<group>"; };
		2F6985B01BBBB49200F5E1DA /* flag.caf */ = {isa = PBXFileReference; lastKnownFileType = file; path = flag.caf; sourceTree = "<group>"; };
		2F6985B11BBBB49200F5E1DA /* glasses.caf */ = {isa = PBXFileReference; lastKnownFileType = file; path = glasses.caf; sourceTree = "<group>"; };
		2F6985B21BBBB49200F5E1DA /* gloves.caf */ = {isa = PBXFileReference; lastKnownFileType = file; path = gloves.caf; sourceTree = "<group>"; };
		2F6985B31BBBB49200F5E1DA /* glue.caf */ = {isa = PBXFileReference; lastKnownFileType = file; path = glue.caf; sourceTree = "<group>"; };
		2F6985B41BBBB49200F5E1DA /* hammer.caf */ = {isa = PBXFileReference; lastKnownFileType = file; path = hammer.caf; sourceTree = "<group>"; };
		2F6985B51BBBB49200F5E1DA /* hose.caf */ = {isa = PBXFileReference; lastKnownFileType = file; path = hose.caf; sourceTree = "<group>"; };
		2F6985B61BBBB49200F5E1DA /* jar.caf */ = {isa = PBXFileReference; lastKnownFileType = file; path = jar.caf; sourceTree = "<group>"; };
		2F6985B71BBBB49200F5E1DA /* keys.caf */ = {isa = PBXFileReference; lastKnownFileType = file; path = keys.caf; sourceTree = "<group>"; };
		2F6985B81BBBB49200F5E1DA /* ladder.caf */ = {isa = PBXFileReference; lastKnownFileType = file; path = ladder.caf; sourceTree = "<group>"; };
		2F6985B91BBBB49200F5E1DA /* lamp.caf */ = {isa = PBXFileReference; lastKnownFileType = file; path = lamp.caf; sourceTree = "<group>"; };
		2F6985BA1BBBB49200F5E1DA /* napkin.caf */ = {isa = PBXFileReference; lastKnownFileType = file; path = napkin.caf; sourceTree = "<group>"; };
		2F6985BB1BBBB49200F5E1DA /* necklace.caf */ = {isa = PBXFileReference; lastKnownFileType = file; path = necklace.caf; sourceTree = "<group>"; };
		2F6985BC1BBBB49200F5E1DA /* pig.caf */ = {isa = PBXFileReference; lastKnownFileType = file; path = pig.caf; sourceTree = "<group>"; };
		2F6985BD1BBBB49200F5E1DA /* pretzel.caf */ = {isa = PBXFileReference; lastKnownFileType = file; path = pretzel.caf; sourceTree = "<group>"; };
		2F6985BE1BBBB49200F5E1DA /* scarf.caf */ = {isa = PBXFileReference; lastKnownFileType = file; path = scarf.caf; sourceTree = "<group>"; };
		2F6985BF1BBBB49200F5E1DA /* shovel.caf */ = {isa = PBXFileReference; lastKnownFileType = file; path = shovel.caf; sourceTree = "<group>"; };
		2F6985C01BBBB49200F5E1DA /* sled.caf */ = {isa = PBXFileReference; lastKnownFileType = file; path = sled.caf; sourceTree = "<group>"; };
		2F6985C11BBBB49200F5E1DA /* sofa.caf */ = {isa = PBXFileReference; lastKnownFileType = file; path = sofa.caf; sourceTree = "<group>"; };
		2F6985C21BBBB49200F5E1DA /* stairs.caf */ = {isa = PBXFileReference; lastKnownFileType = file; path = stairs.caf; sourceTree = "<group>"; };
		2F6985C31BBBB49200F5E1DA /* tape.caf */ = {isa = PBXFileReference; lastKnownFileType = file; path = tape.caf; sourceTree = "<group>"; };
		2F6985C41BBBB49200F5E1DA /* toast.caf */ = {isa = PBXFileReference; lastKnownFileType = file; path = toast.caf; sourceTree = "<group>"; };
		2F6985C51BBBB49200F5E1DA /* tractor.caf */ = {isa = PBXFileReference; lastKnownFileType = file; path = tractor.caf; sourceTree = "<group>"; };
		2F6985C61BBBB49200F5E1DA /* tray.caf */ = {isa = PBXFileReference; lastKnownFileType = file; path = tray.caf; sourceTree = "<group>"; };
		2F6985C71BBBB49200F5E1DA /* tricycle.caf */ = {isa = PBXFileReference; lastKnownFileType = file; path = tricycle.caf; sourceTree = "<group>"; };
		2F6985C81BBBB49200F5E1DA /* zipper.caf */ = {isa = PBXFileReference; lastKnownFileType = file; path = zipper.caf; sourceTree = "<group>"; };
		2F7E371E1B5770500094A16B /* 01 SMALL TOWN INSTRUMENTAL.aif */ = {isa = PBXFileReference; lastKnownFileType = file; path = "01 SMALL TOWN INSTRUMENTAL.aif"; sourceTree = "<group>"; };
		2F7E371F1B5770500094A16B /* bensound-funnysong_30sec.aif */ = {isa = PBXFileReference; lastKnownFileType = file; path = "bensound-funnysong_30sec.aif"; sourceTree = "<group>"; };
		2F7E37201B5770500094A16B /* bensound_jazzyfrenchy_30sec.aif */ = {isa = PBXFileReference; lastKnownFileType = file; path = bensound_jazzyfrenchy_30sec.aif; sourceTree = "<group>"; };
		2F7E37221B5770500094A16B /* wrong tone a.caf */ = {isa = PBXFileReference; lastKnownFileType = file; path = "wrong tone a.caf"; sourceTree = "<group>"; };
		2F7E37231B5770500094A16B /* wrong tone b.caf */ = {isa = PBXFileReference; lastKnownFileType = file; path = "wrong tone b.caf"; sourceTree = "<group>"; };
		2F7E37241B5770500094A16B /* wrong tone c.caf */ = {isa = PBXFileReference; lastKnownFileType = file; path = "wrong tone c.caf"; sourceTree = "<group>"; };
		2F7E37261B5770500094A16B /* right tone2.caf */ = {isa = PBXFileReference; lastKnownFileType = file; path = "right tone2.caf"; sourceTree = "<group>"; };
		2F7E37271B5770500094A16B /* right_tone.caf */ = {isa = PBXFileReference; lastKnownFileType = file; path = right_tone.caf; sourceTree = "<group>"; };
		2F7E37291B5770500094A16B /* pew.caf */ = {isa = PBXFileReference; lastKnownFileType = file; path = pew.caf; sourceTree = "<group>"; };
		2F7E372A1B5770500094A16B /* squeeze-toy-1.caf */ = {isa = PBXFileReference; lastKnownFileType = file; path = "squeeze-toy-1.caf"; sourceTree = "<group>"; };
		2F7E372B1B5770500094A16B /* squeeze-toy-3.caf */ = {isa = PBXFileReference; lastKnownFileType = file; path = "squeeze-toy-3.caf"; sourceTree = "<group>"; };
		2F7E372C1B5770500094A16B /* squeeze-toy-4.caf */ = {isa = PBXFileReference; lastKnownFileType = file; path = "squeeze-toy-4.caf"; sourceTree = "<group>"; };
		2FA9CE751BC1CD81002985EE /* ball.atlas */ = {isa = PBXFileReference; lastKnownFileType = folder.skatlas; path = ball.atlas; sourceTree = "<group>"; };
		2FA9CE761BC1CD81002985EE /* basket.atlas */ = {isa = PBXFileReference; lastKnownFileType = folder.skatlas; path = basket.atlas; sourceTree = "<group>"; };
		2FA9CE771BC1CD81002985EE /* belt.atlas */ = {isa = PBXFileReference; lastKnownFileType = folder.skatlas; path = belt.atlas; sourceTree = "<group>"; };
		2FA9CE781BC1CD81002985EE /* bench.atlas */ = {isa = PBXFileReference; lastKnownFileType = folder.skatlas; path = bench.atlas; sourceTree = "<group>"; };
		2FA9CE791BC1CD81002985EE /* bird.atlas */ = {isa = PBXFileReference; lastKnownFileType = folder.skatlas; path = bird.atlas; sourceTree = "<group>"; };
		2FA9CE7A1BC1CD81002985EE /* bowl.atlas */ = {isa = PBXFileReference; lastKnownFileType = folder.skatlas; path = bowl.atlas; sourceTree = "<group>"; };
		2FA9CE7B1BC1CD81002985EE /* chair.atlas */ = {isa = PBXFileReference; lastKnownFileType = folder.skatlas; path = chair.atlas; sourceTree = "<group>"; };
		2FA9CE7C1BC1CD81002985EE /* dog.atlas */ = {isa = PBXFileReference; lastKnownFileType = folder.skatlas; path = dog.atlas; sourceTree = "<group>"; };
		2FA9CE7D1BC1CD81002985EE /* dress.atlas */ = {isa = PBXFileReference; lastKnownFileType = folder.skatlas; path = dress.atlas; sourceTree = "<group>"; };
		2FA9CE7E1BC1CD81002985EE /* flag.atlas */ = {isa = PBXFileReference; lastKnownFileType = folder.skatlas; path = flag.atlas; sourceTree = "<group>"; };
		2FA9CE7F1BC1CD81002985EE /* glasses.atlas */ = {isa = PBXFileReference; lastKnownFileType = folder.skatlas; path = glasses.atlas; sourceTree = "<group>"; };
		2FA9CE801BC1CD81002985EE /* gloves.atlas */ = {isa = PBXFileReference; lastKnownFileType = folder.skatlas; path = gloves.atlas; sourceTree = "<group>"; };
		2FA9CE811BC1CD81002985EE /* glue.atlas */ = {isa = PBXFileReference; lastKnownFileType = folder.skatlas; path = glue.atlas; sourceTree = "<group>"; };
		2FA9CE821BC1CD81002985EE /* hammer.atlas */ = {isa = PBXFileReference; lastKnownFileType = folder.skatlas; path = hammer.atlas; sourceTree = "<group>"; };
		2FA9CE831BC1CD81002985EE /* hose.atlas */ = {isa = PBXFileReference; lastKnownFileType = folder.skatlas; path = hose.atlas; sourceTree = "<group>"; };
		2FA9CE841BC1CD81002985EE /* jar.atlas */ = {isa = PBXFileReference; lastKnownFileType = folder.skatlas; path = jar.atlas; sourceTree = "<group>"; };
		2FA9CE851BC1CD81002985EE /* keys.atlas */ = {isa = PBXFileReference; lastKnownFileType = folder.skatlas; path = keys.atlas; sourceTree = "<group>"; };
		2FA9CE861BC1CD81002985EE /* ladder.atlas */ = {isa = PBXFileReference; lastKnownFileType = folder.skatlas; path = ladder.atlas; sourceTree = "<group>"; };
		2FA9CE871BC1CD81002985EE /* lamp.atlas */ = {isa = PBXFileReference; lastKnownFileType = folder.skatlas; path = lamp.atlas; sourceTree = "<group>"; };
		2FA9CE881BC1CD81002985EE /* napkin.atlas */ = {isa = PBXFileReference; lastKnownFileType = folder.skatlas; path = napkin.atlas; sourceTree = "<group>"; };
		2FA9CE891BC1CD81002985EE /* necklace.atlas */ = {isa = PBXFileReference; lastKnownFileType = folder.skatlas; path = necklace.atlas; sourceTree = "<group>"; };
		2FA9CE8A1BC1CD81002985EE /* pig.atlas */ = {isa = PBXFileReference; lastKnownFileType = folder.skatlas; path = pig.atlas; sourceTree = "<group>"; };
		2FA9CE8B1BC1CD81002985EE /* pretzel.atlas */ = {isa = PBXFileReference; lastKnownFileType = folder.skatlas; path = pretzel.atlas; sourceTree = "<group>"; };
		2FA9CE8C1BC1CD81002985EE /* scarf.atlas */ = {isa = PBXFileReference; lastKnownFileType = folder.skatlas; path = scarf.atlas; sourceTree = "<group>"; };
		2FA9CE8D1BC1CD81002985EE /* shovel.atlas */ = {isa = PBXFileReference; lastKnownFileType = folder.skatlas; path = shovel.atlas; sourceTree = "<group>"; };
		2FA9CE8E1BC1CD81002985EE /* sled.atlas */ = {isa = PBXFileReference; lastKnownFileType = folder.skatlas; path = sled.atlas; sourceTree = "<group>"; };
		2FA9CE8F1BC1CD81002985EE /* sofa.atlas */ = {isa = PBXFileReference; lastKnownFileType = folder.skatlas; path = sofa.atlas; sourceTree = "<group>"; };
		2FA9CE901BC1CD81002985EE /* stairs.atlas */ = {isa = PBXFileReference; lastKnownFileType = folder.skatlas; path = stairs.atlas; sourceTree = "<group>"; };
		2FA9CE911BC1CD81002985EE /* tape.atlas */ = {isa = PBXFileReference; lastKnownFileType = folder.skatlas; path = tape.atlas; sourceTree = "<group>"; };
		2FA9CE921BC1CD81002985EE /* toast.atlas */ = {isa = PBXFileReference; lastKnownFileType = folder.skatlas; path = toast.atlas; sourceTree = "<group>"; };
		2FA9CE931BC1CD81002985EE /* tractor.atlas */ = {isa = PBXFileReference; lastKnownFileType = folder.skatlas; path = tractor.atlas; sourceTree = "<group>"; };
		2FA9CE941BC1CD81002985EE /* tray.atlas */ = {isa = PBXFileReference; lastKnownFileType = folder.skatlas; path = tray.atlas; sourceTree = "<group>"; };
		2FA9CE951BC1CD81002985EE /* tricycle.atlas */ = {isa = PBXFileReference; lastKnownFileType = folder.skatlas; path = tricycle.atlas; sourceTree = "<group>"; };
		2FA9CE961BC1CD81002985EE /* zipper.atlas */ = {isa = PBXFileReference; lastKnownFileType = folder.skatlas; path = zipper.atlas; sourceTree = "<group>"; };
		2FD013AB1B4CF77A00217F6B /* VocabularyScene.swift */ = {isa = PBXFileReference; fileEncoding = 4; lastKnownFileType = sourcecode.swift; path = VocabularyScene.swift; sourceTree = "<group>"; };
		2FDF8D861BA35DEF000152A2 /* TutorialScene.swift */ = {isa = PBXFileReference; fileEncoding = 4; lastKnownFileType = sourcecode.swift; path = TutorialScene.swift; sourceTree = "<group>"; };
		3568E5711A147CC9001CA426 /* Main.storyboard */ = {isa = PBXFileReference; fileEncoding = 4; lastKnownFileType = file.storyboard; path = Main.storyboard; sourceTree = "<group>"; };
		3568E5731A147CF1001CA426 /* CTBObject.swift */ = {isa = PBXFileReference; fileEncoding = 4; lastKnownFileType = sourcecode.swift; path = CTBObject.swift; sourceTree = "<group>"; };
		3568E5751A147CF1001CA426 /* Test.playground */ = {isa = PBXFileReference; lastKnownFileType = file.playground; path = Test.playground; sourceTree = "<group>"; };
		3568E5761A147CF1001CA426 /* Images.xcassets */ = {isa = PBXFileReference; lastKnownFileType = folder.assetcatalog; path = Images.xcassets; sourceTree = "<group>"; };
		3568E5861A147D29001CA426 /* AppDelegate.swift */ = {isa = PBXFileReference; fileEncoding = 4; lastKnownFileType = sourcecode.swift; path = AppDelegate.swift; sourceTree = "<group>"; };
		3568E5871A147D29001CA426 /* GameViewController.swift */ = {isa = PBXFileReference; fileEncoding = 4; lastKnownFileType = sourcecode.swift; path = GameViewController.swift; sourceTree = "<group>"; };
		3568E5881A147D29001CA426 /* GameController.swift */ = {isa = PBXFileReference; fileEncoding = 4; lastKnownFileType = sourcecode.swift; path = GameController.swift; sourceTree = "<group>"; };
		3568E5891A147D29001CA426 /* SettingsViewController.swift */ = {isa = PBXFileReference; fileEncoding = 4; lastKnownFileType = sourcecode.swift; path = SettingsViewController.swift; sourceTree = "<group>"; };
		3568E58A1A147D29001CA426 /* AnalysisViewController.swift */ = {isa = PBXFileReference; fileEncoding = 4; lastKnownFileType = sourcecode.swift; path = AnalysisViewController.swift; sourceTree = "<group>"; };
		3568E58B1A147D29001CA426 /* InfoViewController.swift */ = {isa = PBXFileReference; fileEncoding = 4; lastKnownFileType = sourcecode.swift; path = InfoViewController.swift; sourceTree = "<group>"; };
		3568E58C1A147D29001CA426 /* UserViewController.swift */ = {isa = PBXFileReference; fileEncoding = 4; lastKnownFileType = sourcecode.swift; path = UserViewController.swift; sourceTree = "<group>"; };
		3568E5951A147D64001CA426 /* UserPerformance.swift */ = {isa = PBXFileReference; fileEncoding = 4; lastKnownFileType = sourcecode.swift; path = UserPerformance.swift; sourceTree = "<group>"; };
		3568E5961A147D64001CA426 /* UserInfo.swift */ = {isa = PBXFileReference; fileEncoding = 4; lastKnownFileType = sourcecode.swift; path = UserInfo.swift; sourceTree = "<group>"; };
		3568E5971A147D64001CA426 /* NameFirstAppear.swift */ = {isa = PBXFileReference; fileEncoding = 4; lastKnownFileType = sourcecode.swift; path = NameFirstAppear.swift; sourceTree = "<group>"; };
		3568E59D1A147D9F001CA426 /* ActionHelper.swift */ = {isa = PBXFileReference; fileEncoding = 4; lastKnownFileType = sourcecode.swift; path = ActionHelper.swift; sourceTree = "<group>"; };
		3568E59E1A147D9F001CA426 /* ImageSourceHelper.swift */ = {isa = PBXFileReference; fileEncoding = 4; lastKnownFileType = sourcecode.swift; path = ImageSourceHelper.swift; sourceTree = "<group>"; };
		3568E59F1A147D9F001CA426 /* CTBObjectSearchHelper.swift */ = {isa = PBXFileReference; fileEncoding = 4; lastKnownFileType = sourcecode.swift; path = CTBObjectSearchHelper.swift; sourceTree = "<group>"; };
		3568E5A01A147D9F001CA426 /* UserPerformanceHelper.swift */ = {isa = PBXFileReference; fileEncoding = 4; lastKnownFileType = sourcecode.swift; path = UserPerformanceHelper.swift; sourceTree = "<group>"; };
		3568E5A11A147D9F001CA426 /* UserInfoHelper.swift */ = {isa = PBXFileReference; fileEncoding = 4; lastKnownFileType = sourcecode.swift; path = UserInfoHelper.swift; sourceTree = "<group>"; };
		3568E5A21A147D9F001CA426 /* SoundSourceHelper.swift */ = {isa = PBXFileReference; fileEncoding = 4; lastKnownFileType = sourcecode.swift; path = SoundSourceHelper.swift; sourceTree = "<group>"; };
		3568E5A31A147D9F001CA426 /* ErrorLogger.swift */ = {isa = PBXFileReference; fileEncoding = 4; lastKnownFileType = sourcecode.swift; path = ErrorLogger.swift; sourceTree = "<group>"; };
		3568E5A41A147D9F001CA426 /* DateHelper.swift */ = {isa = PBXFileReference; fileEncoding = 4; lastKnownFileType = sourcecode.swift; path = DateHelper.swift; sourceTree = "<group>"; };
		3568E5A51A147D9F001CA426 /* DrawingHelper.swift */ = {isa = PBXFileReference; fileEncoding = 4; lastKnownFileType = sourcecode.swift; path = DrawingHelper.swift; sourceTree = "<group>"; };
		3568E5A61A147D9F001CA426 /* StatisticsTrackHelper.swift */ = {isa = PBXFileReference; fileEncoding = 4; lastKnownFileType = sourcecode.swift; path = StatisticsTrackHelper.swift; sourceTree = "<group>"; };
		3568E5A71A147D9F001CA426 /* GlobalConfiguration.swift */ = {isa = PBXFileReference; fileEncoding = 4; lastKnownFileType = sourcecode.swift; path = GlobalConfiguration.swift; sourceTree = "<group>"; };
		3568E5B31A147DAD001CA426 /* GameScene.sks */ = {isa = PBXFileReference; lastKnownFileType = file.sks; path = GameScene.sks; sourceTree = "<group>"; };
		3568E5B51A147DAD001CA426 /* ReviewScene.swift */ = {isa = PBXFileReference; fileEncoding = 4; lastKnownFileType = sourcecode.swift; path = ReviewScene.swift; sourceTree = "<group>"; };
		3568E5B61A147DAD001CA426 /* StartScene.swift */ = {isa = PBXFileReference; fileEncoding = 4; lastKnownFileType = sourcecode.swift; path = StartScene.swift; sourceTree = "<group>"; };
		3568E5B71A147DAD001CA426 /* WelcomeScene.swift */ = {isa = PBXFileReference; fileEncoding = 4; lastKnownFileType = sourcecode.swift; path = WelcomeScene.swift; sourceTree = "<group>"; };
		3568E5B81A147DAD001CA426 /* SettingsScene.swift */ = {isa = PBXFileReference; fileEncoding = 4; lastKnownFileType = sourcecode.swift; path = SettingsScene.swift; sourceTree = "<group>"; };
		3568E5C01A147E20001CA426 /* Bridge.m */ = {isa = PBXFileReference; fileEncoding = 4; lastKnownFileType = sourcecode.c.objc; path = Bridge.m; sourceTree = "<group>"; };
		3568E5C31A147E43001CA426 /* Cognitive ToyBox-Bridging-Header.h */ = {isa = PBXFileReference; lastKnownFileType = sourcecode.c.h; path = "Cognitive ToyBox-Bridging-Header.h"; sourceTree = "<group>"; };
		3568E68D1A148083001CA426 /* TelerikUI.framework */ = {isa = PBXFileReference; lastKnownFileType = wrapper.framework; path = TelerikUI.framework; sourceTree = "<group>"; };
		3568E68F1A148095001CA426 /* SystemConfiguration.framework */ = {isa = PBXFileReference; lastKnownFileType = wrapper.framework; name = SystemConfiguration.framework; path = System/Library/Frameworks/SystemConfiguration.framework; sourceTree = SDKROOT; };
		3568E6911A1480A2001CA426 /* Security.framework */ = {isa = PBXFileReference; lastKnownFileType = wrapper.framework; name = Security.framework; path = System/Library/Frameworks/Security.framework; sourceTree = SDKROOT; };
		3568E6941A1480CE001CA426 /* Flurry.h */ = {isa = PBXFileReference; fileEncoding = 4; lastKnownFileType = sourcecode.c.h; path = Flurry.h; sourceTree = "<group>"; };
		3568E6951A1480CE001CA426 /* libFlurry_5.4.0.a */ = {isa = PBXFileReference; lastKnownFileType = archive.ar; path = libFlurry_5.4.0.a; sourceTree = "<group>"; };
		3568E6991A14837E001CA426 /* Cognitive ToyBoxTests-Bridging-Header.h */ = {isa = PBXFileReference; lastKnownFileType = sourcecode.c.h; path = "Cognitive ToyBoxTests-Bridging-Header.h"; sourceTree = "<group>"; };
		3568E69A1A14837E001CA426 /* Cognitive_ToyBoxTests.swift */ = {isa = PBXFileReference; fileEncoding = 4; lastKnownFileType = sourcecode.swift; path = Cognitive_ToyBoxTests.swift; sourceTree = "<group>"; };
		3568E69B1A14837E001CA426 /* ImageSourceHelperTests.swift */ = {isa = PBXFileReference; fileEncoding = 4; lastKnownFileType = sourcecode.swift; path = ImageSourceHelperTests.swift; sourceTree = "<group>"; };
		3568E69C1A14837E001CA426 /* CTBObjectTest.swift */ = {isa = PBXFileReference; fileEncoding = 4; lastKnownFileType = sourcecode.swift; path = CTBObjectTest.swift; sourceTree = "<group>"; };
		3568E69D1A14837E001CA426 /* CTBObjectSearchHelperTest.swift */ = {isa = PBXFileReference; fileEncoding = 4; lastKnownFileType = sourcecode.swift; path = CTBObjectSearchHelperTest.swift; sourceTree = "<group>"; };
		3568E69E1A14837E001CA426 /* GameControllerTest.swift */ = {isa = PBXFileReference; fileEncoding = 4; lastKnownFileType = sourcecode.swift; path = GameControllerTest.swift; sourceTree = "<group>"; };
		3568E69F1A14837E001CA426 /* UserPerformanceHelperTest.swift */ = {isa = PBXFileReference; fileEncoding = 4; lastKnownFileType = sourcecode.swift; path = UserPerformanceHelperTest.swift; sourceTree = "<group>"; };
		3568E6A01A14837E001CA426 /* DateHelperTest.swift */ = {isa = PBXFileReference; fileEncoding = 4; lastKnownFileType = sourcecode.swift; path = DateHelperTest.swift; sourceTree = "<group>"; };
		3568E6A11A14837E001CA426 /* GlobalConfigurationTest.swift */ = {isa = PBXFileReference; fileEncoding = 4; lastKnownFileType = sourcecode.swift; path = GlobalConfigurationTest.swift; sourceTree = "<group>"; };
		3568E6B11A1493F8001CA426 /* CoreData.xcdatamodel */ = {isa = PBXFileReference; lastKnownFileType = wrapper.xcdatamodel; path = CoreData.xcdatamodel; sourceTree = "<group>"; };
		359306A61A14784200A7DE3D /* Vocabulary Assessment Tool.app */ = {isa = PBXFileReference; explicitFileType = wrapper.application; includeInIndex = 0; path = "Vocabulary Assessment Tool.app"; sourceTree = BUILT_PRODUCTS_DIR; };
		359306AA1A14784200A7DE3D /* Info.plist */ = {isa = PBXFileReference; lastKnownFileType = text.plist.xml; path = Info.plist; sourceTree = "<group>"; };
		359306B91A14784200A7DE3D /* Base */ = {isa = PBXFileReference; lastKnownFileType = file.xib; name = Base; path = Base.lproj/LaunchScreen.xib; sourceTree = "<group>"; };
		359306BF1A14784200A7DE3D /* Vocabulary Assessment ToolTests.xctest */ = {isa = PBXFileReference; explicitFileType = wrapper.cfbundle; includeInIndex = 0; path = "Vocabulary Assessment ToolTests.xctest"; sourceTree = BUILT_PRODUCTS_DIR; };
		359306C41A14784200A7DE3D /* Info.plist */ = {isa = PBXFileReference; lastKnownFileType = text.plist.xml; path = Info.plist; sourceTree = "<group>"; };
		430D3F1F1AA652A2007279C4 /* CameraViewController.swift */ = {isa = PBXFileReference; fileEncoding = 4; lastKnownFileType = sourcecode.swift; path = CameraViewController.swift; sourceTree = "<group>"; };
		4312219E1B29F65200D13332 /* ConfettiScene.swift */ = {isa = PBXFileReference; fileEncoding = 4; lastKnownFileType = sourcecode.swift; path = ConfettiScene.swift; sourceTree = "<group>"; };
		4327C3B81AD4B81200245A88 /* InfoView5.xib */ = {isa = PBXFileReference; fileEncoding = 4; lastKnownFileType = file.xib; path = InfoView5.xib; sourceTree = "<group>"; };
		4327C3BA1AD4C1FF00245A88 /* InfoView7.xib */ = {isa = PBXFileReference; fileEncoding = 4; lastKnownFileType = file.xib; path = InfoView7.xib; sourceTree = "<group>"; };
		43344F1A1AD90F8A00FAC865 /* InfoView1.xib */ = {isa = PBXFileReference; fileEncoding = 4; lastKnownFileType = file.xib; path = InfoView1.xib; sourceTree = "<group>"; };
		43344F1C1AD9111500FAC865 /* InfoView2.xib */ = {isa = PBXFileReference; fileEncoding = 4; lastKnownFileType = file.xib; path = InfoView2.xib; sourceTree = "<group>"; };
		43344F1E1AD9120700FAC865 /* InfoView3.xib */ = {isa = PBXFileReference; fileEncoding = 4; lastKnownFileType = file.xib; path = InfoView3.xib; sourceTree = "<group>"; };
		43344F201AD912A000FAC865 /* InfoView4.xib */ = {isa = PBXFileReference; fileEncoding = 4; lastKnownFileType = file.xib; path = InfoView4.xib; sourceTree = "<group>"; };
		43344F221AD9138E00FAC865 /* InfoView6.xib */ = {isa = PBXFileReference; fileEncoding = 4; lastKnownFileType = file.xib; path = InfoView6.xib; sourceTree = "<group>"; };
		436CE2361AC17CED0071BF06 /* MainTests.swift */ = {isa = PBXFileReference; fileEncoding = 4; lastKnownFileType = sourcecode.swift; path = MainTests.swift; sourceTree = "<group>"; };
		437DF1A41B182EF500CEFFAF /* TriadScene.swift */ = {isa = PBXFileReference; fileEncoding = 4; lastKnownFileType = sourcecode.swift; path = TriadScene.swift; sourceTree = "<group>"; };
		438211F31AD7CDAD005D228B /* InfoView8.xib */ = {isa = PBXFileReference; fileEncoding = 4; lastKnownFileType = file.xib; path = InfoView8.xib; sourceTree = "<group>"; };
		4382122D1AD84C22005D228B /* Blop.caf */ = {isa = PBXFileReference; lastKnownFileType = file; path = Blop.caf; sourceTree = "<group>"; };
		4394C2411A8D586D00845C11 /* znuscript-webfont.ttf */ = {isa = PBXFileReference; lastKnownFileType = file; path = "znuscript-webfont.ttf"; sourceTree = "<group>"; };
		4394C2421A8D586D00845C11 /* znuscriptheavy-webfont.ttf */ = {isa = PBXFileReference; lastKnownFileType = file; path = "znuscriptheavy-webfont.ttf"; sourceTree = "<group>"; };
		4394C2431A8D586D00845C11 /* znuscriptoutline-webfont.ttf */ = {isa = PBXFileReference; lastKnownFileType = file; path = "znuscriptoutline-webfont.ttf"; sourceTree = "<group>"; };
		4394C2471A94662B00845C11 /* UserCollectionViewCell.swift */ = {isa = PBXFileReference; fileEncoding = 4; lastKnownFileType = sourcecode.swift; path = UserCollectionViewCell.swift; sourceTree = "<group>"; };
		4394C2491A946F8F00845C11 /* CenterFlowLayout.swift */ = {isa = PBXFileReference; fileEncoding = 4; lastKnownFileType = sourcecode.swift; path = CenterFlowLayout.swift; sourceTree = "<group>"; };
		4394C24D1A971BA900845C11 /* AVFoundation.framework */ = {isa = PBXFileReference; lastKnownFileType = wrapper.framework; name = AVFoundation.framework; path = System/Library/Frameworks/AVFoundation.framework; sourceTree = SDKROOT; };
		4394C24F1A9744CD00845C11 /* QuitScene.swift */ = {isa = PBXFileReference; fileEncoding = 4; lastKnownFileType = sourcecode.swift; path = QuitScene.swift; sourceTree = "<group>"; };
		4394C2551A9BD3E400845C11 /* Accelerate.framework */ = {isa = PBXFileReference; lastKnownFileType = wrapper.framework; name = Accelerate.framework; path = System/Library/Frameworks/Accelerate.framework; sourceTree = SDKROOT; };
		4394C2571A9C71C000845C11 /* DatePickerViewController.swift */ = {isa = PBXFileReference; fileEncoding = 4; lastKnownFileType = sourcecode.swift; path = DatePickerViewController.swift; sourceTree = "<group>"; };
		43C8CFB71AE088B5006A65C3 /* InfoViewAnimation.mov */ = {isa = PBXFileReference; lastKnownFileType = video.quicktime; path = InfoViewAnimation.mov; sourceTree = "<group>"; };
/* End PBXFileReference section */

/* Begin PBXFrameworksBuildPhase section */
		359306A31A14784200A7DE3D /* Frameworks */ = {
			isa = PBXFrameworksBuildPhase;
			buildActionMask = 2147483647;
			files = (
				4394C2561A9BD3E400845C11 /* Accelerate.framework in Frameworks */,
				4394C24E1A971BA900845C11 /* AVFoundation.framework in Frameworks */,
				3568E6921A1480A2001CA426 /* Security.framework in Frameworks */,
				3568E6971A14830D001CA426 /* TelerikUI.framework in Frameworks */,
				3568E6901A148095001CA426 /* SystemConfiguration.framework in Frameworks */,
				3568E6961A1480CE001CA426 /* libFlurry_5.4.0.a in Frameworks */,
			);
			runOnlyForDeploymentPostprocessing = 0;
		};
		359306BC1A14784200A7DE3D /* Frameworks */ = {
			isa = PBXFrameworksBuildPhase;
			buildActionMask = 2147483647;
			files = (
				3568E6981A14830E001CA426 /* TelerikUI.framework in Frameworks */,
			);
			runOnlyForDeploymentPostprocessing = 0;
		};
/* End PBXFrameworksBuildPhase section */

/* Begin PBXGroup section */
		2F6985A61BBBB49200F5E1DA /* voice */ = {
			isa = PBXGroup;
			children = (
				2F6985A71BBBB49200F5E1DA /* ball.caf */,
				2F6985A81BBBB49200F5E1DA /* basket.caf */,
				2F6985A91BBBB49200F5E1DA /* belt.caf */,
				2F6985AA1BBBB49200F5E1DA /* bench.caf */,
				2F6985AB1BBBB49200F5E1DA /* bird.caf */,
				2F6985AC1BBBB49200F5E1DA /* bowl.caf */,
				2F6985AD1BBBB49200F5E1DA /* chair.caf */,
				2F6985AE1BBBB49200F5E1DA /* dog.caf */,
				2F6985AF1BBBB49200F5E1DA /* dress.caf */,
				2F6985B01BBBB49200F5E1DA /* flag.caf */,
				2F6985B11BBBB49200F5E1DA /* glasses.caf */,
				2F6985B21BBBB49200F5E1DA /* gloves.caf */,
				2F6985B31BBBB49200F5E1DA /* glue.caf */,
				2F6985B41BBBB49200F5E1DA /* hammer.caf */,
				2F6985B51BBBB49200F5E1DA /* hose.caf */,
				2F6985B61BBBB49200F5E1DA /* jar.caf */,
				2F6985B71BBBB49200F5E1DA /* keys.caf */,
				2F6985B81BBBB49200F5E1DA /* ladder.caf */,
				2F6985B91BBBB49200F5E1DA /* lamp.caf */,
				2F6985BA1BBBB49200F5E1DA /* napkin.caf */,
				2F6985BB1BBBB49200F5E1DA /* necklace.caf */,
				2F6985BC1BBBB49200F5E1DA /* pig.caf */,
				2F6985BD1BBBB49200F5E1DA /* pretzel.caf */,
				2F6985BE1BBBB49200F5E1DA /* scarf.caf */,
				2F6985BF1BBBB49200F5E1DA /* shovel.caf */,
				2F6985C01BBBB49200F5E1DA /* sled.caf */,
				2F6985C11BBBB49200F5E1DA /* sofa.caf */,
				2F6985C21BBBB49200F5E1DA /* stairs.caf */,
				2F6985C31BBBB49200F5E1DA /* tape.caf */,
				2F6985C41BBBB49200F5E1DA /* toast.caf */,
				2F6985C51BBBB49200F5E1DA /* tractor.caf */,
				2F6985C61BBBB49200F5E1DA /* tray.caf */,
				2F6985C71BBBB49200F5E1DA /* tricycle.caf */,
				2F6985C81BBBB49200F5E1DA /* zipper.caf */,
			);
			path = voice;
			sourceTree = "<group>";
		};
		2F7E37151B5770500094A16B /* audio */ = {
			isa = PBXGroup;
			children = (
				2F6985A61BBBB49200F5E1DA /* voice */,
				2F7E371D1B5770500094A16B /* BGM */,
				2F7E37211B5770500094A16B /* ErrorSound */,
				2F7E37251B5770500094A16B /* RewardSound */,
				2F7E37281B5770500094A16B /* TouchSound */,
			);
			path = audio;
			sourceTree = "<group>";
		};
		2F7E371D1B5770500094A16B /* BGM */ = {
			isa = PBXGroup;
			children = (
				2F7E371E1B5770500094A16B /* 01 SMALL TOWN INSTRUMENTAL.aif */,
				2F7E371F1B5770500094A16B /* bensound-funnysong_30sec.aif */,
				2F7E37201B5770500094A16B /* bensound_jazzyfrenchy_30sec.aif */,
			);
			path = BGM;
			sourceTree = "<group>";
		};
		2F7E37211B5770500094A16B /* ErrorSound */ = {
			isa = PBXGroup;
			children = (
				2F7E37221B5770500094A16B /* wrong tone a.caf */,
				2F7E37231B5770500094A16B /* wrong tone b.caf */,
				2F7E37241B5770500094A16B /* wrong tone c.caf */,
			);
			path = ErrorSound;
			sourceTree = "<group>";
		};
		2F7E37251B5770500094A16B /* RewardSound */ = {
			isa = PBXGroup;
			children = (
				2F7E37261B5770500094A16B /* right tone2.caf */,
				2F7E37271B5770500094A16B /* right_tone.caf */,
			);
			path = RewardSound;
			sourceTree = "<group>";
		};
		2F7E37281B5770500094A16B /* TouchSound */ = {
			isa = PBXGroup;
			children = (
				2F7E37291B5770500094A16B /* pew.caf */,
				2F7E372A1B5770500094A16B /* squeeze-toy-1.caf */,
				2F7E372B1B5770500094A16B /* squeeze-toy-3.caf */,
				2F7E372C1B5770500094A16B /* squeeze-toy-4.caf */,
			);
			path = TouchSound;
			sourceTree = "<group>";
		};
		2F7E39C81B5782770094A16B /* object */ = {
			isa = PBXGroup;
			children = (
				2FA9CE751BC1CD81002985EE /* ball.atlas */,
				2FA9CE761BC1CD81002985EE /* basket.atlas */,
				2FA9CE771BC1CD81002985EE /* belt.atlas */,
				2FA9CE781BC1CD81002985EE /* bench.atlas */,
				2FA9CE791BC1CD81002985EE /* bird.atlas */,
				2FA9CE7A1BC1CD81002985EE /* bowl.atlas */,
				2FA9CE7B1BC1CD81002985EE /* chair.atlas */,
				2FA9CE7C1BC1CD81002985EE /* dog.atlas */,
				2FA9CE7D1BC1CD81002985EE /* dress.atlas */,
				2FA9CE7E1BC1CD81002985EE /* flag.atlas */,
				2FA9CE7F1BC1CD81002985EE /* glasses.atlas */,
				2FA9CE801BC1CD81002985EE /* gloves.atlas */,
				2FA9CE811BC1CD81002985EE /* glue.atlas */,
				2FA9CE821BC1CD81002985EE /* hammer.atlas */,
				2FA9CE831BC1CD81002985EE /* hose.atlas */,
				2FA9CE841BC1CD81002985EE /* jar.atlas */,
				2FA9CE851BC1CD81002985EE /* keys.atlas */,
				2FA9CE861BC1CD81002985EE /* ladder.atlas */,
				2FA9CE871BC1CD81002985EE /* lamp.atlas */,
				2FA9CE881BC1CD81002985EE /* napkin.atlas */,
				2FA9CE891BC1CD81002985EE /* necklace.atlas */,
				2FA9CE8A1BC1CD81002985EE /* pig.atlas */,
				2FA9CE8B1BC1CD81002985EE /* pretzel.atlas */,
				2FA9CE8C1BC1CD81002985EE /* scarf.atlas */,
				2FA9CE8D1BC1CD81002985EE /* shovel.atlas */,
				2FA9CE8E1BC1CD81002985EE /* sled.atlas */,
				2FA9CE8F1BC1CD81002985EE /* sofa.atlas */,
				2FA9CE901BC1CD81002985EE /* stairs.atlas */,
				2FA9CE911BC1CD81002985EE /* tape.atlas */,
				2FA9CE921BC1CD81002985EE /* toast.atlas */,
				2FA9CE931BC1CD81002985EE /* tractor.atlas */,
				2FA9CE941BC1CD81002985EE /* tray.atlas */,
				2FA9CE951BC1CD81002985EE /* tricycle.atlas */,
				2FA9CE961BC1CD81002985EE /* zipper.atlas */,
			);
			path = object;
			sourceTree = "<group>";
		};
		3568E5941A147D45001CA426 /* NSManagedObjects */ = {
			isa = PBXGroup;
			children = (
				3568E5951A147D64001CA426 /* UserPerformance.swift */,
				3568E5961A147D64001CA426 /* UserInfo.swift */,
				3568E5971A147D64001CA426 /* NameFirstAppear.swift */,
			);
			name = NSManagedObjects;
			sourceTree = "<group>";
		};
		3568E59B1A147D78001CA426 /* Scenes */ = {
			isa = PBXGroup;
			children = (
				3568E5B31A147DAD001CA426 /* GameScene.sks */,
				437DF1A41B182EF500CEFFAF /* TriadScene.swift */,
				2FD013AB1B4CF77A00217F6B /* VocabularyScene.swift */,
				3568E5B51A147DAD001CA426 /* ReviewScene.swift */,
				3568E5B61A147DAD001CA426 /* StartScene.swift */,
				3568E5B71A147DAD001CA426 /* WelcomeScene.swift */,
				3568E5B81A147DAD001CA426 /* SettingsScene.swift */,
				4394C24F1A9744CD00845C11 /* QuitScene.swift */,
				4312219E1B29F65200D13332 /* ConfettiScene.swift */,
				2FDF8D861BA35DEF000152A2 /* TutorialScene.swift */,
			);
			name = Scenes;
			sourceTree = "<group>";
		};
		3568E59C1A147D81001CA426 /* Util */ = {
			isa = PBXGroup;
			children = (
				3568E59D1A147D9F001CA426 /* ActionHelper.swift */,
				3568E59E1A147D9F001CA426 /* ImageSourceHelper.swift */,
				3568E59F1A147D9F001CA426 /* CTBObjectSearchHelper.swift */,
				3568E5A01A147D9F001CA426 /* UserPerformanceHelper.swift */,
				3568E5A11A147D9F001CA426 /* UserInfoHelper.swift */,
				3568E5A21A147D9F001CA426 /* SoundSourceHelper.swift */,
				3568E5A31A147D9F001CA426 /* ErrorLogger.swift */,
				3568E5A41A147D9F001CA426 /* DateHelper.swift */,
				3568E5A51A147D9F001CA426 /* DrawingHelper.swift */,
				3568E5A61A147D9F001CA426 /* StatisticsTrackHelper.swift */,
				3568E5A71A147D9F001CA426 /* GlobalConfiguration.swift */,
			);
			name = Util;
			sourceTree = "<group>";
		};
		3568E6931A1480CE001CA426 /* Flurry */ = {
			isa = PBXGroup;
			children = (
				3568E6941A1480CE001CA426 /* Flurry.h */,
				3568E6951A1480CE001CA426 /* libFlurry_5.4.0.a */,
			);
			path = Flurry;
			sourceTree = "<group>";
		};
		3593069D1A14784200A7DE3D = {
			isa = PBXGroup;
			children = (
				4394C2551A9BD3E400845C11 /* Accelerate.framework */,
				4394C24D1A971BA900845C11 /* AVFoundation.framework */,
				3568E6931A1480CE001CA426 /* Flurry */,
				3568E6911A1480A2001CA426 /* Security.framework */,
				3568E68F1A148095001CA426 /* SystemConfiguration.framework */,
				3568E68D1A148083001CA426 /* TelerikUI.framework */,
				359306A81A14784200A7DE3D /* Cognitive ToyBox */,
				359306C21A14784200A7DE3D /* Cognitive ToyBoxTests */,
				359306A71A14784200A7DE3D /* Products */,
			);
			sourceTree = "<group>";
		};
		359306A71A14784200A7DE3D /* Products */ = {
			isa = PBXGroup;
			children = (
				359306A61A14784200A7DE3D /* Vocabulary Assessment Tool.app */,
				359306BF1A14784200A7DE3D /* Vocabulary Assessment ToolTests.xctest */,
			);
			name = Products;
			sourceTree = "<group>";
		};
		359306A81A14784200A7DE3D /* Cognitive ToyBox */ = {
			isa = PBXGroup;
			children = (
				3568E5C01A147E20001CA426 /* Bridge.m */,
				3568E5C31A147E43001CA426 /* Cognitive ToyBox-Bridging-Header.h */,
				3568E59B1A147D78001CA426 /* Scenes */,
				3568E59C1A147D81001CA426 /* Util */,
				3568E5941A147D45001CA426 /* NSManagedObjects */,
				3568E5861A147D29001CA426 /* AppDelegate.swift */,
				3568E5871A147D29001CA426 /* GameViewController.swift */,
				3568E5881A147D29001CA426 /* GameController.swift */,
				3568E5891A147D29001CA426 /* SettingsViewController.swift */,
				3568E58A1A147D29001CA426 /* AnalysisViewController.swift */,
				2F35968A1BA7E21D00C4700C /* TutorialViewController.swift */,
				3568E58B1A147D29001CA426 /* InfoViewController.swift */,
				4394C2571A9C71C000845C11 /* DatePickerViewController.swift */,
				430D3F1F1AA652A2007279C4 /* CameraViewController.swift */,
				3568E58C1A147D29001CA426 /* UserViewController.swift */,
				4394C2471A94662B00845C11 /* UserCollectionViewCell.swift */,
				4394C2491A946F8F00845C11 /* CenterFlowLayout.swift */,
				3568E5731A147CF1001CA426 /* CTBObject.swift */,
				3568E5711A147CC9001CA426 /* Main.storyboard */,
				359306B81A14784200A7DE3D /* LaunchScreen.xib */,
				43344F251AD913CB00FAC865 /* InfoViews */,
				3568E6B01A1493F8001CA426 /* CoreData.xcdatamodeld */,
				3568E5751A147CF1001CA426 /* Test.playground */,
				3568E5761A147CF1001CA426 /* Images.xcassets */,
				2F7E37151B5770500094A16B /* audio */,
				2F7E39C81B5782770094A16B /* object */,
				4382122D1AD84C22005D228B /* Blop.caf */,
				4394C2401A8D586D00845C11 /* fonts */,
				359306A91A14784200A7DE3D /* Supporting Files */,
			);
			path = "Cognitive ToyBox";
			sourceTree = "<group>";
		};
		359306A91A14784200A7DE3D /* Supporting Files */ = {
			isa = PBXGroup;
			children = (
				359306AA1A14784200A7DE3D /* Info.plist */,
			);
			name = "Supporting Files";
			sourceTree = "<group>";
		};
		359306C21A14784200A7DE3D /* Cognitive ToyBoxTests */ = {
			isa = PBXGroup;
			children = (
				3568E69A1A14837E001CA426 /* Cognitive_ToyBoxTests.swift */,
				436CE2361AC17CED0071BF06 /* MainTests.swift */,
				3568E69B1A14837E001CA426 /* ImageSourceHelperTests.swift */,
				3568E69C1A14837E001CA426 /* CTBObjectTest.swift */,
				3568E69D1A14837E001CA426 /* CTBObjectSearchHelperTest.swift */,
				3568E69E1A14837E001CA426 /* GameControllerTest.swift */,
				3568E69F1A14837E001CA426 /* UserPerformanceHelperTest.swift */,
				3568E6A01A14837E001CA426 /* DateHelperTest.swift */,
				3568E6A11A14837E001CA426 /* GlobalConfigurationTest.swift */,
				359306C31A14784200A7DE3D /* Supporting Files */,
				3568E6991A14837E001CA426 /* Cognitive ToyBoxTests-Bridging-Header.h */,
			);
			path = "Cognitive ToyBoxTests";
			sourceTree = "<group>";
		};
		359306C31A14784200A7DE3D /* Supporting Files */ = {
			isa = PBXGroup;
			children = (
				359306C41A14784200A7DE3D /* Info.plist */,
			);
			name = "Supporting Files";
			sourceTree = "<group>";
		};
		43344F251AD913CB00FAC865 /* InfoViews */ = {
			isa = PBXGroup;
			children = (
				43C8CFB71AE088B5006A65C3 /* InfoViewAnimation.mov */,
				43344F1A1AD90F8A00FAC865 /* InfoView1.xib */,
				43344F1C1AD9111500FAC865 /* InfoView2.xib */,
				43344F1E1AD9120700FAC865 /* InfoView3.xib */,
				43344F201AD912A000FAC865 /* InfoView4.xib */,
				4327C3B81AD4B81200245A88 /* InfoView5.xib */,
				43344F221AD9138E00FAC865 /* InfoView6.xib */,
				4327C3BA1AD4C1FF00245A88 /* InfoView7.xib */,
				438211F31AD7CDAD005D228B /* InfoView8.xib */,
			);
			name = InfoViews;
			sourceTree = "<group>";
		};
		4394C2401A8D586D00845C11 /* fonts */ = {
			isa = PBXGroup;
			children = (
				4394C2411A8D586D00845C11 /* znuscript-webfont.ttf */,
				4394C2421A8D586D00845C11 /* znuscriptheavy-webfont.ttf */,
				4394C2431A8D586D00845C11 /* znuscriptoutline-webfont.ttf */,
			);
			path = fonts;
			sourceTree = "<group>";
		};
/* End PBXGroup section */

/* Begin PBXNativeTarget section */
		359306A51A14784200A7DE3D /* Vocabulary Assessment Tool */ = {
			isa = PBXNativeTarget;
			buildConfigurationList = 359306C91A14784200A7DE3D /* Build configuration list for PBXNativeTarget "Vocabulary Assessment Tool" */;
			buildPhases = (
				359306A21A14784200A7DE3D /* Sources */,
				359306A31A14784200A7DE3D /* Frameworks */,
				359306A41A14784200A7DE3D /* Resources */,
			);
			buildRules = (
			);
			dependencies = (
			);
			name = "Vocabulary Assessment Tool";
			productName = "Cognitive ToyBox";
			productReference = 359306A61A14784200A7DE3D /* Vocabulary Assessment Tool.app */;
			productType = "com.apple.product-type.application";
		};
		359306BE1A14784200A7DE3D /* Vocabulary Assessment ToolTests */ = {
			isa = PBXNativeTarget;
			buildConfigurationList = 359306CC1A14784200A7DE3D /* Build configuration list for PBXNativeTarget "Vocabulary Assessment ToolTests" */;
			buildPhases = (
				359306BB1A14784200A7DE3D /* Sources */,
				359306BC1A14784200A7DE3D /* Frameworks */,
				359306BD1A14784200A7DE3D /* Resources */,
			);
			buildRules = (
			);
			dependencies = (
				359306C11A14784200A7DE3D /* PBXTargetDependency */,
			);
			name = "Vocabulary Assessment ToolTests";
			productName = "Cognitive ToyBoxTests";
			productReference = 359306BF1A14784200A7DE3D /* Vocabulary Assessment ToolTests.xctest */;
			productType = "com.apple.product-type.bundle.unit-test";
		};
/* End PBXNativeTarget section */

/* Begin PBXProject section */
		3593069E1A14784200A7DE3D /* Project object */ = {
			isa = PBXProject;
			attributes = {
				LastSwiftUpdateCheck = 0700;
				LastUpgradeCheck = 0700;
				ORGANIZATIONNAME = "Cognitive ToyBox";
				TargetAttributes = {
					359306A51A14784200A7DE3D = {
						CreatedOnToolsVersion = 6.1;
						DevelopmentTeam = HYKZ22Y39Z;
					};
					359306BE1A14784200A7DE3D = {
						CreatedOnToolsVersion = 6.1;
						TestTargetID = 359306A51A14784200A7DE3D;
					};
				};
			};
			buildConfigurationList = 359306A11A14784200A7DE3D /* Build configuration list for PBXProject "Vocabulary Assessment Tool" */;
			compatibilityVersion = "Xcode 3.2";
			developmentRegion = English;
			hasScannedForEncodings = 0;
			knownRegions = (
				en,
				Base,
			);
			mainGroup = 3593069D1A14784200A7DE3D;
			productRefGroup = 359306A71A14784200A7DE3D /* Products */;
			projectDirPath = "";
			projectRoot = "";
			targets = (
				359306A51A14784200A7DE3D /* Vocabulary Assessment Tool */,
				359306BE1A14784200A7DE3D /* Vocabulary Assessment ToolTests */,
			);
		};
/* End PBXProject section */

/* Begin PBXResourcesBuildPhase section */
		359306A41A14784200A7DE3D /* Resources */ = {
			isa = PBXResourcesBuildPhase;
			buildActionMask = 2147483647;
			files = (
				2FA9CEAD1BC1CD81002985EE /* pretzel.atlas in Resources */,
				2F6985EA1BBBB49200F5E1DA /* zipper.caf in Resources */,
				2F6985CF1BBBB49200F5E1DA /* chair.caf in Resources */,
				43344F281ADA856100FAC865 /* LaunchScreen.xib in Resources */,
				43344F1D1AD9111500FAC865 /* InfoView2.xib in Resources */,
				2F6985D01BBBB49200F5E1DA /* dog.caf in Resources */,
				2F7E38821B5770500094A16B /* squeeze-toy-3.caf in Resources */,
				2FA9CEA31BC1CD81002985EE /* glue.atlas in Resources */,
				4394C2451A8D586D00845C11 /* znuscriptheavy-webfont.ttf in Resources */,
				438211F41AD7CDAD005D228B /* InfoView8.xib in Resources */,
				4394C2461A8D586D00845C11 /* znuscriptoutline-webfont.ttf in Resources */,
				2FA9CE981BC1CD81002985EE /* basket.atlas in Resources */,
				2F6985E31BBBB49200F5E1DA /* sofa.caf in Resources */,
				2F6985D81BBBB49200F5E1DA /* jar.caf in Resources */,
				2FA9CEA81BC1CD81002985EE /* ladder.atlas in Resources */,
				3568E5721A147CC9001CA426 /* Main.storyboard in Resources */,
				2FA9CEAE1BC1CD81002985EE /* scarf.atlas in Resources */,
				2FA9CEAA1BC1CD81002985EE /* napkin.atlas in Resources */,
				2F6985DD1BBBB49200F5E1DA /* necklace.caf in Resources */,
				2FA9CEA01BC1CD81002985EE /* flag.atlas in Resources */,
				2F6985E61BBBB49200F5E1DA /* toast.caf in Resources */,
				2FA9CEA61BC1CD81002985EE /* jar.atlas in Resources */,
				43C8CFB81AE088B5006A65C3 /* InfoViewAnimation.mov in Resources */,
				2F7E387B1B5770500094A16B /* wrong tone a.caf in Resources */,
				2FA9CEAF1BC1CD81002985EE /* shovel.atlas in Resources */,
				2F7E38791B5770500094A16B /* bensound-funnysong_30sec.aif in Resources */,
				2F6985DA1BBBB49200F5E1DA /* ladder.caf in Resources */,
				2F6985D51BBBB49200F5E1DA /* glue.caf in Resources */,
				2F6985E11BBBB49200F5E1DA /* shovel.caf in Resources */,
				2F6985D91BBBB49200F5E1DA /* keys.caf in Resources */,
				2FA9CEA71BC1CD81002985EE /* keys.atlas in Resources */,
				2FA9CEB31BC1CD81002985EE /* tape.atlas in Resources */,
				2F6985DC1BBBB49200F5E1DA /* napkin.caf in Resources */,
				2FA9CEA41BC1CD81002985EE /* hammer.atlas in Resources */,
				2F6985CC1BBBB49200F5E1DA /* bench.caf in Resources */,
				2F6985E91BBBB49200F5E1DA /* tricycle.caf in Resources */,
				2F6985D31BBBB49200F5E1DA /* glasses.caf in Resources */,
				2F6985CB1BBBB49200F5E1DA /* belt.caf in Resources */,
				2F6985DB1BBBB49200F5E1DA /* lamp.caf in Resources */,
				2FA9CEB21BC1CD81002985EE /* stairs.atlas in Resources */,
				2F6985E01BBBB49200F5E1DA /* scarf.caf in Resources */,
				4382122E1AD84C22005D228B /* Blop.caf in Resources */,
				2FA9CE9C1BC1CD81002985EE /* bowl.atlas in Resources */,
				2FA9CEA21BC1CD81002985EE /* gloves.atlas in Resources */,
				4327C3BB1AD4C1FF00245A88 /* InfoView7.xib in Resources */,
				2F6985E81BBBB49200F5E1DA /* tray.caf in Resources */,
				2F7E38811B5770500094A16B /* squeeze-toy-1.caf in Resources */,
				2F6985D41BBBB49200F5E1DA /* gloves.caf in Resources */,
				2FA9CEAB1BC1CD81002985EE /* necklace.atlas in Resources */,
				2F7E387A1B5770500094A16B /* bensound_jazzyfrenchy_30sec.aif in Resources */,
				2F6985CD1BBBB49200F5E1DA /* bird.caf in Resources */,
				2F7E387F1B5770500094A16B /* right_tone.caf in Resources */,
				2F6985D21BBBB49200F5E1DA /* flag.caf in Resources */,
				43344F231AD9138E00FAC865 /* InfoView6.xib in Resources */,
				2F6985C91BBBB49200F5E1DA /* ball.caf in Resources */,
				2FA9CEAC1BC1CD81002985EE /* pig.atlas in Resources */,
				2F7E387E1B5770500094A16B /* right tone2.caf in Resources */,
				2FA9CE971BC1CD81002985EE /* ball.atlas in Resources */,
				2FA9CEB11BC1CD81002985EE /* sofa.atlas in Resources */,
				2F6985D71BBBB49200F5E1DA /* hose.caf in Resources */,
				2F7E38831B5770500094A16B /* squeeze-toy-4.caf in Resources */,
				2FA9CEA11BC1CD81002985EE /* glasses.atlas in Resources */,
				2FA9CE9A1BC1CD81002985EE /* bench.atlas in Resources */,
				3568E5B91A147DAD001CA426 /* GameScene.sks in Resources */,
				2FA9CE9F1BC1CD81002985EE /* dress.atlas in Resources */,
				3568E57F1A147CF1001CA426 /* Images.xcassets in Resources */,
				2FA9CEA91BC1CD81002985EE /* lamp.atlas in Resources */,
				2FA9CEB51BC1CD81002985EE /* tractor.atlas in Resources */,
				2F7E387C1B5770500094A16B /* wrong tone b.caf in Resources */,
				2FA9CE9D1BC1CD81002985EE /* chair.atlas in Resources */,
				2F6985CE1BBBB49200F5E1DA /* bowl.caf in Resources */,
				4327C3B91AD4B81200245A88 /* InfoView5.xib in Resources */,
				2FA9CE9B1BC1CD81002985EE /* bird.atlas in Resources */,
				2F6985E71BBBB49200F5E1DA /* tractor.caf in Resources */,
				2F6985E41BBBB49200F5E1DA /* stairs.caf in Resources */,
				2F6985D11BBBB49200F5E1DA /* dress.caf in Resources */,
				4394C2441A8D586D00845C11 /* znuscript-webfont.ttf in Resources */,
				2FA9CEB61BC1CD81002985EE /* tray.atlas in Resources */,
				2F6985E21BBBB49200F5E1DA /* sled.caf in Resources */,
				2FA9CEB01BC1CD81002985EE /* sled.atlas in Resources */,
				2FA9CEB81BC1CD81002985EE /* zipper.atlas in Resources */,
				2FA9CEB71BC1CD81002985EE /* tricycle.atlas in Resources */,
				2FA9CE9E1BC1CD81002985EE /* dog.atlas in Resources */,
				2FA9CEB41BC1CD81002985EE /* toast.atlas in Resources */,
				2F6985CA1BBBB49200F5E1DA /* basket.caf in Resources */,
				2F6985DF1BBBB49200F5E1DA /* pretzel.caf in Resources */,
				43344F1F1AD9120700FAC865 /* InfoView3.xib in Resources */,
				2FA9CEA51BC1CD81002985EE /* hose.atlas in Resources */,
				2F6985E51BBBB49200F5E1DA /* tape.caf in Resources */,
				2F7E38801B5770500094A16B /* pew.caf in Resources */,
				2F7E387D1B5770500094A16B /* wrong tone c.caf in Resources */,
				43344F1B1AD90F8A00FAC865 /* InfoView1.xib in Resources */,
				2F6985D61BBBB49200F5E1DA /* hammer.caf in Resources */,
				2FA9CE991BC1CD81002985EE /* belt.atlas in Resources */,
				43344F211AD912A000FAC865 /* InfoView4.xib in Resources */,
				2F7E38781B5770500094A16B /* 01 SMALL TOWN INSTRUMENTAL.aif in Resources */,
				2F6985DE1BBBB49200F5E1DA /* pig.caf in Resources */,
			);
			runOnlyForDeploymentPostprocessing = 0;
		};
		359306BD1A14784200A7DE3D /* Resources */ = {
			isa = PBXResourcesBuildPhase;
			buildActionMask = 2147483647;
			files = (
			);
			runOnlyForDeploymentPostprocessing = 0;
		};
/* End PBXResourcesBuildPhase section */

/* Begin PBXSourcesBuildPhase section */
		359306A21A14784200A7DE3D /* Sources */ = {
			isa = PBXSourcesBuildPhase;
			buildActionMask = 2147483647;
			files = (
				3568E5BB1A147DAD001CA426 /* ReviewScene.swift in Sources */,
				3568E5BE1A147DAD001CA426 /* SettingsScene.swift in Sources */,
				2F35968B1BA7E21D00C4700C /* TutorialViewController.swift in Sources */,
				3568E6B21A1493F8001CA426 /* CoreData.xcdatamodeld in Sources */,
				430D3F201AA652A2007279C4 /* CameraViewController.swift in Sources */,
				2FD013AC1B4CF77A00217F6B /* VocabularyScene.swift in Sources */,
				4394C24A1A946F8F00845C11 /* CenterFlowLayout.swift in Sources */,
				3568E58E1A147D29001CA426 /* GameViewController.swift in Sources */,
				3568E5931A147D29001CA426 /* UserViewController.swift in Sources */,
				3568E5A91A147D9F001CA426 /* ImageSourceHelper.swift in Sources */,
				3568E59A1A147D64001CA426 /* NameFirstAppear.swift in Sources */,
				3568E58F1A147D29001CA426 /* GameController.swift in Sources */,
				437DF1A51B182EF500CEFFAF /* TriadScene.swift in Sources */,
				3568E5AF1A147D9F001CA426 /* DateHelper.swift in Sources */,
				4394C2481A94662B00845C11 /* UserCollectionViewCell.swift in Sources */,
				3568E5B01A147D9F001CA426 /* DrawingHelper.swift in Sources */,
				3568E5AC1A147D9F001CA426 /* UserInfoHelper.swift in Sources */,
				3568E5B11A147D9F001CA426 /* StatisticsTrackHelper.swift in Sources */,
				3568E5B21A147D9F001CA426 /* GlobalConfiguration.swift in Sources */,
				3568E58D1A147D29001CA426 /* AppDelegate.swift in Sources */,
				3568E5911A147D29001CA426 /* AnalysisViewController.swift in Sources */,
				2FDF8D871BA35DEF000152A2 /* TutorialScene.swift in Sources */,
				3568E5AD1A147D9F001CA426 /* SoundSourceHelper.swift in Sources */,
				3568E5AB1A147D9F001CA426 /* UserPerformanceHelper.swift in Sources */,
				3568E5BD1A147DAD001CA426 /* WelcomeScene.swift in Sources */,
				3568E5981A147D64001CA426 /* UserPerformance.swift in Sources */,
				3568E5C11A147E20001CA426 /* Bridge.m in Sources */,
				4312219F1B29F65200D13332 /* ConfettiScene.swift in Sources */,
				3568E5AE1A147D9F001CA426 /* ErrorLogger.swift in Sources */,
				3568E57D1A147CF1001CA426 /* CTBObject.swift in Sources */,
				3568E5921A147D29001CA426 /* InfoViewController.swift in Sources */,
				4394C2581A9C71C000845C11 /* DatePickerViewController.swift in Sources */,
				3568E5BC1A147DAD001CA426 /* StartScene.swift in Sources */,
				4394C2501A9744CD00845C11 /* QuitScene.swift in Sources */,
				3568E5991A147D64001CA426 /* UserInfo.swift in Sources */,
				3568E5AA1A147D9F001CA426 /* CTBObjectSearchHelper.swift in Sources */,
				3568E5A81A147D9F001CA426 /* ActionHelper.swift in Sources */,
				3568E5901A147D29001CA426 /* SettingsViewController.swift in Sources */,
			);
			runOnlyForDeploymentPostprocessing = 0;
		};
		359306BB1A14784200A7DE3D /* Sources */ = {
			isa = PBXSourcesBuildPhase;
			buildActionMask = 2147483647;
			files = (
				3568E6A51A14837E001CA426 /* CTBObjectSearchHelperTest.swift in Sources */,
				3568E5C21A147E3A001CA426 /* Bridge.m in Sources */,
				436CE2371AC17CED0071BF06 /* MainTests.swift in Sources */,
				3568E6A91A14837E001CA426 /* GlobalConfigurationTest.swift in Sources */,
				3568E6A31A14837E001CA426 /* ImageSourceHelperTests.swift in Sources */,
				3568E6A41A14837E001CA426 /* CTBObjectTest.swift in Sources */,
				3568E6A71A14837E001CA426 /* UserPerformanceHelperTest.swift in Sources */,
				3568E6A81A14837E001CA426 /* DateHelperTest.swift in Sources */,
				3568E6A21A14837E001CA426 /* Cognitive_ToyBoxTests.swift in Sources */,
				3568E6A61A14837E001CA426 /* GameControllerTest.swift in Sources */,
			);
			runOnlyForDeploymentPostprocessing = 0;
		};
/* End PBXSourcesBuildPhase section */

/* Begin PBXTargetDependency section */
		359306C11A14784200A7DE3D /* PBXTargetDependency */ = {
			isa = PBXTargetDependency;
			target = 359306A51A14784200A7DE3D /* Vocabulary Assessment Tool */;
			targetProxy = 359306C01A14784200A7DE3D /* PBXContainerItemProxy */;
		};
/* End PBXTargetDependency section */

/* Begin PBXVariantGroup section */
		359306B81A14784200A7DE3D /* LaunchScreen.xib */ = {
			isa = PBXVariantGroup;
			children = (
				359306B91A14784200A7DE3D /* Base */,
			);
			name = LaunchScreen.xib;
			sourceTree = "<group>";
		};
/* End PBXVariantGroup section */

/* Begin XCBuildConfiguration section */
		359306C71A14784200A7DE3D /* Debug */ = {
			isa = XCBuildConfiguration;
			buildSettings = {
				ALWAYS_SEARCH_USER_PATHS = NO;
				CLANG_CXX_LANGUAGE_STANDARD = "gnu++0x";
				CLANG_CXX_LIBRARY = "libc++";
				CLANG_ENABLE_MODULES = YES;
				CLANG_ENABLE_OBJC_ARC = YES;
				CLANG_WARN_BOOL_CONVERSION = YES;
				CLANG_WARN_CONSTANT_CONVERSION = YES;
				CLANG_WARN_DIRECT_OBJC_ISA_USAGE = YES_ERROR;
				CLANG_WARN_EMPTY_BODY = YES;
				CLANG_WARN_ENUM_CONVERSION = YES;
				CLANG_WARN_INT_CONVERSION = YES;
				CLANG_WARN_OBJC_ROOT_CLASS = YES_ERROR;
				CLANG_WARN_UNREACHABLE_CODE = YES;
				CLANG_WARN__DUPLICATE_METHOD_MATCH = YES;
				"CODE_SIGN_IDENTITY[sdk=iphoneos*]" = "iPhone Developer";
				COPY_PHASE_STRIP = NO;
				ENABLE_STRICT_OBJC_MSGSEND = YES;
				ENABLE_TESTABILITY = YES;
				GCC_C_LANGUAGE_STANDARD = gnu99;
				GCC_DYNAMIC_NO_PIC = NO;
				GCC_OPTIMIZATION_LEVEL = 0;
				GCC_PREPROCESSOR_DEFINITIONS = (
					"DEBUG=1",
					"$(inherited)",
				);
				GCC_SYMBOLS_PRIVATE_EXTERN = NO;
				GCC_WARN_64_TO_32_BIT_CONVERSION = YES;
				GCC_WARN_ABOUT_RETURN_TYPE = YES_ERROR;
				GCC_WARN_UNDECLARED_SELECTOR = YES;
				GCC_WARN_UNINITIALIZED_AUTOS = YES_AGGRESSIVE;
				GCC_WARN_UNUSED_FUNCTION = YES;
				GCC_WARN_UNUSED_VARIABLE = YES;
				IPHONEOS_DEPLOYMENT_TARGET = 7.1;
				MTL_ENABLE_DEBUG_INFO = YES;
				ONLY_ACTIVE_ARCH = YES;
				SDKROOT = iphoneos;
				SWIFT_OPTIMIZATION_LEVEL = "-Onone";
				TARGETED_DEVICE_FAMILY = 2;
			};
			name = Debug;
		};
		359306C81A14784200A7DE3D /* Release */ = {
			isa = XCBuildConfiguration;
			buildSettings = {
				ALWAYS_SEARCH_USER_PATHS = NO;
				CLANG_CXX_LANGUAGE_STANDARD = "gnu++0x";
				CLANG_CXX_LIBRARY = "libc++";
				CLANG_ENABLE_MODULES = YES;
				CLANG_ENABLE_OBJC_ARC = YES;
				CLANG_WARN_BOOL_CONVERSION = YES;
				CLANG_WARN_CONSTANT_CONVERSION = YES;
				CLANG_WARN_DIRECT_OBJC_ISA_USAGE = YES_ERROR;
				CLANG_WARN_EMPTY_BODY = YES;
				CLANG_WARN_ENUM_CONVERSION = YES;
				CLANG_WARN_INT_CONVERSION = YES;
				CLANG_WARN_OBJC_ROOT_CLASS = YES_ERROR;
				CLANG_WARN_UNREACHABLE_CODE = YES;
				CLANG_WARN__DUPLICATE_METHOD_MATCH = YES;
				"CODE_SIGN_IDENTITY[sdk=iphoneos*]" = "iPhone Developer";
				COPY_PHASE_STRIP = YES;
				ENABLE_NS_ASSERTIONS = NO;
				ENABLE_STRICT_OBJC_MSGSEND = YES;
				GCC_C_LANGUAGE_STANDARD = gnu99;
				GCC_WARN_64_TO_32_BIT_CONVERSION = YES;
				GCC_WARN_ABOUT_RETURN_TYPE = YES_ERROR;
				GCC_WARN_UNDECLARED_SELECTOR = YES;
				GCC_WARN_UNINITIALIZED_AUTOS = YES_AGGRESSIVE;
				GCC_WARN_UNUSED_FUNCTION = YES;
				GCC_WARN_UNUSED_VARIABLE = YES;
				IPHONEOS_DEPLOYMENT_TARGET = 7.1;
				MTL_ENABLE_DEBUG_INFO = NO;
				SDKROOT = iphoneos;
				TARGETED_DEVICE_FAMILY = 2;
				VALIDATE_PRODUCT = YES;
			};
			name = Release;
		};
		359306CA1A14784200A7DE3D /* Debug */ = {
			isa = XCBuildConfiguration;
			buildSettings = {
				ASSETCATALOG_COMPILER_APPICON_NAME = AppIcon;
				ASSETCATALOG_COMPILER_LAUNCHIMAGE_NAME = LaunchImage;
				CLANG_ENABLE_MODULES = YES;
				CODE_SIGN_IDENTITY = "iPhone Developer";
				"CODE_SIGN_IDENTITY[sdk=iphoneos*]" = "iPhone Developer";
				FRAMEWORK_SEARCH_PATHS = (
					"$(inherited)",
					"$(PROJECT_DIR)",
				);
				INFOPLIST_FILE = "Cognitive ToyBox/Info.plist";
				IPHONEOS_DEPLOYMENT_TARGET = 7.1;
				LD_RUNPATH_SEARCH_PATHS = "$(inherited) @executable_path/Frameworks";
				LIBRARY_SEARCH_PATHS = (
					"$(inherited)",
					"$(PROJECT_DIR)/Flurry",
				);
				PRODUCT_BUNDLE_IDENTIFIER = com.cognitivetoybox2.VAT;
				PRODUCT_NAME = "Vocabulary Assessment Tool";
				PROVISIONING_PROFILE = "";
				SPRITEKIT_TEXTURE_ATLAS_FORMAT = RGBA8888_COMPRESSED;
				SPRITEKIT_TEXTURE_ATLAS_SIZE = 2048x2048;
				SWIFT_OBJC_BRIDGING_HEADER = "Cognitive ToyBox/Cognitive ToyBox-Bridging-Header.h";
				SWIFT_OPTIMIZATION_LEVEL = "-Onone";
			};
			name = Debug;
		};
		359306CB1A14784200A7DE3D /* Release */ = {
			isa = XCBuildConfiguration;
			buildSettings = {
				ASSETCATALOG_COMPILER_APPICON_NAME = AppIcon;
				ASSETCATALOG_COMPILER_LAUNCHIMAGE_NAME = LaunchImage;
				CLANG_ENABLE_MODULES = YES;
				CODE_SIGN_IDENTITY = "iPhone Developer";
				"CODE_SIGN_IDENTITY[sdk=iphoneos*]" = "iPhone Developer";
				FRAMEWORK_SEARCH_PATHS = (
					"$(inherited)",
					"$(PROJECT_DIR)",
				);
				INFOPLIST_FILE = "Cognitive ToyBox/Info.plist";
				IPHONEOS_DEPLOYMENT_TARGET = 7.1;
				LD_RUNPATH_SEARCH_PATHS = "$(inherited) @executable_path/Frameworks";
				LIBRARY_SEARCH_PATHS = (
					"$(inherited)",
					"$(PROJECT_DIR)/Flurry",
				);
				PRODUCT_BUNDLE_IDENTIFIER = com.cognitivetoybox2.VAT;
				PRODUCT_NAME = "Vocabulary Assessment Tool";
				PROVISIONING_PROFILE = "";
				SPRITEKIT_TEXTURE_ATLAS_FORMAT = RGBA8888_COMPRESSED;
				SPRITEKIT_TEXTURE_ATLAS_SIZE = 2048x2048;
				SWIFT_OBJC_BRIDGING_HEADER = "Cognitive ToyBox/Cognitive ToyBox-Bridging-Header.h";
			};
			name = Release;
		};
		359306CD1A14784200A7DE3D /* Debug */ = {
			isa = XCBuildConfiguration;
			buildSettings = {
				BUNDLE_LOADER = "$(TEST_HOST)";
				CLANG_ENABLE_MODULES = YES;
				FRAMEWORK_SEARCH_PATHS = (
					"$(SDKROOT)/Developer/Library/Frameworks",
					"$(inherited)",
					"$(PROJECT_DIR)",
				);
				GCC_PREPROCESSOR_DEFINITIONS = (
					"DEBUG=1",
					"$(inherited)",
				);
				INFOPLIST_FILE = "Cognitive ToyBoxTests/Info.plist";
				LD_RUNPATH_SEARCH_PATHS = "$(inherited) @executable_path/Frameworks @loader_path/Frameworks";
				PRODUCT_BUNDLE_IDENTIFIER = "com.CognitiveToyBox.$(PRODUCT_NAME:rfc1034identifier)";
				PRODUCT_NAME = "Vocabulary Assessment ToolTests";
				SWIFT_OBJC_BRIDGING_HEADER = "Cognitive ToyBoxTests/Cognitive ToyBoxTests-Bridging-Header.h";
				SWIFT_OPTIMIZATION_LEVEL = "-Onone";
				TEST_HOST = "$(BUILT_PRODUCTS_DIR)/Vocabulary Assessment Tool.app/Vocabulary Assessment Tool";
			};
			name = Debug;
		};
		359306CE1A14784200A7DE3D /* Release */ = {
			isa = XCBuildConfiguration;
			buildSettings = {
				BUNDLE_LOADER = "$(TEST_HOST)";
				CLANG_ENABLE_MODULES = YES;
				FRAMEWORK_SEARCH_PATHS = (
					"$(SDKROOT)/Developer/Library/Frameworks",
					"$(inherited)",
					"$(PROJECT_DIR)",
				);
				INFOPLIST_FILE = "Cognitive ToyBoxTests/Info.plist";
				LD_RUNPATH_SEARCH_PATHS = "$(inherited) @executable_path/Frameworks @loader_path/Frameworks";
				PRODUCT_BUNDLE_IDENTIFIER = "com.CognitiveToyBox.$(PRODUCT_NAME:rfc1034identifier)";
				PRODUCT_NAME = "Vocabulary Assessment ToolTests";
				SWIFT_OBJC_BRIDGING_HEADER = "Cognitive ToyBoxTests/Cognitive ToyBoxTests-Bridging-Header.h";
				TEST_HOST = "$(BUILT_PRODUCTS_DIR)/Vocabulary Assessment Tool.app/Vocabulary Assessment Tool";
			};
			name = Release;
		};
/* End XCBuildConfiguration section */

/* Begin XCConfigurationList section */
		359306A11A14784200A7DE3D /* Build configuration list for PBXProject "Vocabulary Assessment Tool" */ = {
			isa = XCConfigurationList;
			buildConfigurations = (
				359306C71A14784200A7DE3D /* Debug */,
				359306C81A14784200A7DE3D /* Release */,
			);
			defaultConfigurationIsVisible = 0;
			defaultConfigurationName = Release;
		};
		359306C91A14784200A7DE3D /* Build configuration list for PBXNativeTarget "Vocabulary Assessment Tool" */ = {
			isa = XCConfigurationList;
			buildConfigurations = (
				359306CA1A14784200A7DE3D /* Debug */,
				359306CB1A14784200A7DE3D /* Release */,
			);
			defaultConfigurationIsVisible = 0;
			defaultConfigurationName = Release;
		};
		359306CC1A14784200A7DE3D /* Build configuration list for PBXNativeTarget "Vocabulary Assessment ToolTests" */ = {
			isa = XCConfigurationList;
			buildConfigurations = (
				359306CD1A14784200A7DE3D /* Debug */,
				359306CE1A14784200A7DE3D /* Release */,
			);
			defaultConfigurationIsVisible = 0;
			defaultConfigurationName = Release;
		};
/* End XCConfigurationList section */

/* Begin XCVersionGroup section */
		3568E6B01A1493F8001CA426 /* CoreData.xcdatamodeld */ = {
			isa = XCVersionGroup;
			children = (
				3568E6B11A1493F8001CA426 /* CoreData.xcdatamodel */,
			);
			currentVersion = 3568E6B11A1493F8001CA426 /* CoreData.xcdatamodel */;
			path = CoreData.xcdatamodeld;
			sourceTree = "<group>";
			versionGroupType = wrapper.xcdatamodel;
		};
/* End XCVersionGroup section */
	};
	rootObject = 3593069E1A14784200A7DE3D /* Project object */;
}
